<?xml version="1.0" encoding="utf-8"?>
<Project ToolsVersion="4.0" xmlns="http://schemas.microsoft.com/developer/msbuild/2003">
  <ItemGroup>
    <Filter Include="Include">
      <UniqueIdentifier>{911675a2-8caa-425e-8bb4-ccb88fa33d5e}</UniqueIdentifier>
    </Filter>
    <Filter Include="src">
      <UniqueIdentifier>{2d256b46-2412-4b70-80ee-feef16195efe}</UniqueIdentifier>
    </Filter>
  </ItemGroup>
  <ItemGroup>
    <ClInclude Include="$(MSBuildThisFileDirectory)..\include\StdExt\Buffer.h">
      <Filter>Include</Filter>
    </ClInclude>
    <ClInclude Include="$(MSBuildThisFileDirectory)..\include\StdExt\Exceptions.h">
      <Filter>Include</Filter>
    </ClInclude>
    <ClInclude Include="$(MSBuildThisFileDirectory)..\include\StdExt\InPlace.h">
      <Filter>Include</Filter>
    </ClInclude>
    <ClInclude Include="$(MSBuildThisFileDirectory)..\include\StdExt\Memory.h">
      <Filter>Include</Filter>
    </ClInclude>
    <ClInclude Include="$(MSBuildThisFileDirectory)..\include\StdExt\Number.h">
      <Filter>Include</Filter>
    </ClInclude>
    <ClInclude Include="$(MSBuildThisFileDirectory)..\include\StdExt\StdExt.h">
      <Filter>Include</Filter>
    </ClInclude>
    <ClInclude Include="$(MSBuildThisFileDirectory)..\include\StdExt\String.h">
      <Filter>Include</Filter>
    </ClInclude>
    <ClInclude Include="$(MSBuildThisFileDirectory)..\include\StdExt\UID.h">
      <Filter>Include</Filter>
    </ClInclude>
    <ClInclude Include="$(MSBuildThisFileDirectory)..\include\StdExt\Utility.h">
      <Filter>Include</Filter>
    </ClInclude>
  </ItemGroup>
  <ItemGroup>
    <ClCompile Include="$(MSBuildThisFileDirectory)..\src\Buffer.cpp">
      <Filter>src</Filter>
    </ClCompile>
    <ClCompile Include="$(MSBuildThisFileDirectory)..\src\Memory.cpp">
      <Filter>src</Filter>
    </ClCompile>
    <ClCompile Include="$(MSBuildThisFileDirectory)..\src\Number.cpp">
      <Filter>src</Filter>
    </ClCompile>
    <ClCompile Include="$(MSBuildThisFileDirectory)..\src\String.cpp">
      <Filter>src</Filter>
    </ClCompile>
    <ClCompile Include="$(MSBuildThisFileDirectory)..\src\UID.cpp">
      <Filter>src</Filter>
    </ClCompile>
  </ItemGroup>
</Project>