// !$*UTF8*$!
{
	archiveVersion = 1;
	classes = {
	};
	objectVersion = 56;
	objects = {

/* Begin PBXBuildFile section */
		934FBD712A29B49300343BDC /* libStdExt.a in Frameworks */ = {isa = PBXBuildFile; fileRef = 931D66322A285B3300C87D43 /* libStdExt.a */; };
		939BB7B82A2A245D00F7026B /* StdExt in Headers */ = {isa = PBXBuildFile; fileRef = 939BB7B72A2A243F00F7026B /* StdExt */; settings = {ATTRIBUTES = (Public, ); }; };
		93C59FFA2ABEC0D9005CEBE7 /* libiconv.2.tbd in Frameworks */ = {isa = PBXBuildFile; fileRef = 93C59FF92ABEC0D9005CEBE7 /* libiconv.2.tbd */; };
		93C5A02C2ABEC463005CEBE7 /* Condition.cpp in Sources */ = {isa = PBXBuildFile; fileRef = 93C5A0192ABEC413005CEBE7 /* Condition.cpp */; };
		93C5A02D2ABEC463005CEBE7 /* Mutex.cpp in Sources */ = {isa = PBXBuildFile; fileRef = 93C5A01A2ABEC413005CEBE7 /* Mutex.cpp */; };
		93C5A02E2ABEC463005CEBE7 /* FunctionTask.cpp in Sources */ = {isa = PBXBuildFile; fileRef = 93C5A01B2ABEC413005CEBE7 /* FunctionTask.cpp */; };
		93C5A02F2ABEC463005CEBE7 /* Wait.cpp in Sources */ = {isa = PBXBuildFile; fileRef = 93C5A01C2ABEC413005CEBE7 /* Wait.cpp */; };
		93C5A0302ABEC463005CEBE7 /* TaskLoop.cpp in Sources */ = {isa = PBXBuildFile; fileRef = 93C5A01D2ABEC413005CEBE7 /* TaskLoop.cpp */; };
		93C5A0312ABEC463005CEBE7 /* Timer.cpp in Sources */ = {isa = PBXBuildFile; fileRef = 93C5A01E2ABEC413005CEBE7 /* Timer.cpp */; };
		93C5A0322ABEC463005CEBE7 /* RWLock.cpp in Sources */ = {isa = PBXBuildFile; fileRef = 93C5A01F2ABEC413005CEBE7 /* RWLock.cpp */; };
		93C5A0332ABEC463005CEBE7 /* Task.cpp in Sources */ = {isa = PBXBuildFile; fileRef = 93C5A0202ABEC413005CEBE7 /* Task.cpp */; };
		93C5A0342ABEC473005CEBE7 /* Exceptions.cpp in Sources */ = {isa = PBXBuildFile; fileRef = 93C5A00A2ABEC413005CEBE7 /* Exceptions.cpp */; };
		93C5A0352ABEC47E005CEBE7 /* XML.cpp in Sources */ = {isa = PBXBuildFile; fileRef = 93C5A00D2ABEC413005CEBE7 /* XML.cpp */; };
		93C5A0362ABEC47E005CEBE7 /* Element.cpp in Sources */ = {isa = PBXBuildFile; fileRef = 93C5A00E2ABEC413005CEBE7 /* Element.cpp */; };
		93C5A0372ABEC47E005CEBE7 /* ElementInternal.cpp in Sources */ = {isa = PBXBuildFile; fileRef = 93C5A00F2ABEC413005CEBE7 /* ElementInternal.cpp */; };
		93C5A0382ABEC486005CEBE7 /* tinyxml2.cpp in Sources */ = {isa = PBXBuildFile; fileRef = 93C5A0112ABEC413005CEBE7 /* tinyxml2.cpp */; };
		93C5A0392ABEC492005CEBE7 /* Binary.cpp in Sources */ = {isa = PBXBuildFile; fileRef = 93C5A0142ABEC413005CEBE7 /* Binary.cpp */; };
		93C5A03A2ABEC492005CEBE7 /* Text.cpp in Sources */ = {isa = PBXBuildFile; fileRef = 93C5A0162ABEC413005CEBE7 /* Text.cpp */; };
		93C5A03B2ABEC492005CEBE7 /* BufferedStream.cpp in Sources */ = {isa = PBXBuildFile; fileRef = 93C5A0032ABEC413005CEBE7 /* BufferedStream.cpp */; };
		93C5A03C2ABEC492005CEBE7 /* TestByteStream.cpp in Sources */ = {isa = PBXBuildFile; fileRef = 93C5A0042ABEC413005CEBE7 /* TestByteStream.cpp */; };
		93C5A03D2ABEC492005CEBE7 /* MemoryStream.cpp in Sources */ = {isa = PBXBuildFile; fileRef = 93C5A0052ABEC413005CEBE7 /* MemoryStream.cpp */; };
		93C5A03E2ABEC492005CEBE7 /* FileStream.cpp in Sources */ = {isa = PBXBuildFile; fileRef = 93C5A0062ABEC413005CEBE7 /* FileStream.cpp */; };
		93C5A03F2ABEC492005CEBE7 /* ByteStream.cpp in Sources */ = {isa = PBXBuildFile; fileRef = 93C5A0072ABEC413005CEBE7 /* ByteStream.cpp */; };
		93C5A0402ABEC492005CEBE7 /* Vec.cpp in Sources */ = {isa = PBXBuildFile; fileRef = 93C5A0002ABEC413005CEBE7 /* Vec.cpp */; };
		93C5A0412ABEC492005CEBE7 /* UID.cpp in Sources */ = {isa = PBXBuildFile; fileRef = 93C5A0012ABEC413005CEBE7 /* UID.cpp */; };
		93C5A0422ABEC492005CEBE7 /* String.cpp in Sources */ = {isa = PBXBuildFile; fileRef = 93C5A0082ABEC413005CEBE7 /* String.cpp */; };
		93C5A0432ABEC492005CEBE7 /* Buffer.cpp in Sources */ = {isa = PBXBuildFile; fileRef = 93C5A0172ABEC413005CEBE7 /* Buffer.cpp */; };
		93C5A0442ABEC492005CEBE7 /* Matrix.cpp in Sources */ = {isa = PBXBuildFile; fileRef = 93C5A0212ABEC413005CEBE7 /* Matrix.cpp */; };
		93C5A0452ABEC492005CEBE7 /* Number.cpp in Sources */ = {isa = PBXBuildFile; fileRef = 93C5A0222ABEC413005CEBE7 /* Number.cpp */; };
		93C5A05C2ABEC673005CEBE7 /* Utility_test.cpp in Sources */ = {isa = PBXBuildFile; fileRef = 93C5A0472ABEC610005CEBE7 /* Utility_test.cpp */; };
		93C5A05D2ABEC673005CEBE7 /* Number_Test.cpp in Sources */ = {isa = PBXBuildFile; fileRef = 93C5A0482ABEC610005CEBE7 /* Number_Test.cpp */; };
		93C5A05E2ABEC673005CEBE7 /* Concurrent_Test.cpp in Sources */ = {isa = PBXBuildFile; fileRef = 93C5A0492ABEC610005CEBE7 /* Concurrent_Test.cpp */; };
		93C5A05F2ABEC673005CEBE7 /* Signal_Test.cpp in Sources */ = {isa = PBXBuildFile; fileRef = 93C5A04A2ABEC610005CEBE7 /* Signal_Test.cpp */; };
		93C5A0602ABEC673005CEBE7 /* Memory_test.cpp in Sources */ = {isa = PBXBuildFile; fileRef = 93C5A04B2ABEC610005CEBE7 /* Memory_test.cpp */; };
		93C5A0612ABEC673005CEBE7 /* String_Test.cpp in Sources */ = {isa = PBXBuildFile; fileRef = 93C5A04C2ABEC610005CEBE7 /* String_Test.cpp */; };
		93C5A0622ABEC673005CEBE7 /* Unicode_Test.cpp in Sources */ = {isa = PBXBuildFile; fileRef = 93C5A04D2ABEC610005CEBE7 /* Unicode_Test.cpp */; };
		93C5A0632ABEC673005CEBE7 /* InPlace_test.cpp in Sources */ = {isa = PBXBuildFile; fileRef = 93C5A04E2ABEC610005CEBE7 /* InPlace_test.cpp */; };
		93C5A0642ABEC673005CEBE7 /* CallableTraits_test.cpp in Sources */ = {isa = PBXBuildFile; fileRef = 93C5A04F2ABEC610005CEBE7 /* CallableTraits_test.cpp */; };
		93C5A0652ABEC673005CEBE7 /* Matrix_Test.cpp in Sources */ = {isa = PBXBuildFile; fileRef = 93C5A0502ABEC610005CEBE7 /* Matrix_Test.cpp */; };
		93C5A0662ABEC673005CEBE7 /* Const_test.cpp in Sources */ = {isa = PBXBuildFile; fileRef = 93C5A0512ABEC610005CEBE7 /* Const_test.cpp */; };
		93C5A0672ABEC673005CEBE7 /* Concepts_Test.cpp in Sources */ = {isa = PBXBuildFile; fileRef = 93C5A0522ABEC610005CEBE7 /* Concepts_Test.cpp */; };
		93C5A0682ABEC673005CEBE7 /* TestClasses.cpp in Sources */ = {isa = PBXBuildFile; fileRef = 93C5A0532ABEC610005CEBE7 /* TestClasses.cpp */; };
		93C5A0692ABEC673005CEBE7 /* TypeInfo_test.cpp in Sources */ = {isa = PBXBuildFile; fileRef = 93C5A0542ABEC610005CEBE7 /* TypeInfo_test.cpp */; };
		93C5A06A2ABEC673005CEBE7 /* Vec_Test.cpp in Sources */ = {isa = PBXBuildFile; fileRef = 93C5A0552ABEC610005CEBE7 /* Vec_Test.cpp */; };
		93C5A06B2ABEC673005CEBE7 /* Collections_Test.cpp in Sources */ = {isa = PBXBuildFile; fileRef = 93C5A0572ABEC610005CEBE7 /* Collections_Test.cpp */; };
		93C5A06C2ABEC673005CEBE7 /* Any_Test.cpp in Sources */ = {isa = PBXBuildFile; fileRef = 93C5A0592ABEC610005CEBE7 /* Any_Test.cpp */; };
		93C5A06D2ABEC673005CEBE7 /* main.cpp in Sources */ = {isa = PBXBuildFile; fileRef = 93C5A05A2ABEC610005CEBE7 /* main.cpp */; };
		93C5A06E2ABEC673005CEBE7 /* Serialize_test.cpp in Sources */ = {isa = PBXBuildFile; fileRef = 93C5A05B2ABEC610005CEBE7 /* Serialize_test.cpp */; };
/* End PBXBuildFile section */

/* Begin PBXContainerItemProxy section */
		934FBD742A29B66600343BDC /* PBXContainerItemProxy */ = {
			isa = PBXContainerItemProxy;
			containerPortal = 931D662A2A285B3300C87D43 /* Project object */;
			proxyType = 1;
			remoteGlobalIDString = 931D66312A285B3300C87D43;
			remoteInfo = StdExt;
		};
/* End PBXContainerItemProxy section */

/* Begin PBXCopyFilesBuildPhase section */
		931D67722A2978F600C87D43 /* CopyFiles */ = {
			isa = PBXCopyFilesBuildPhase;
			buildActionMask = 8;
			dstPath = "";
			dstSubfolderSpec = 16;
			files = (
			);
			runOnlyForDeploymentPostprocessing = 1;
		};
		934FBCF02A29B13100343BDC /* CopyFiles */ = {
			isa = PBXCopyFilesBuildPhase;
			buildActionMask = 2147483647;
			dstPath = /usr/share/man/man1/;
			dstSubfolderSpec = 0;
			files = (
			);
			runOnlyForDeploymentPostprocessing = 1;
		};
/* End PBXCopyFilesBuildPhase section */

/* Begin PBXFileReference section */
		931D66322A285B3300C87D43 /* libStdExt.a */ = {isa = PBXFileReference; explicitFileType = archive.ar; includeInIndex = 0; path = libStdExt.a; sourceTree = BUILT_PRODUCTS_DIR; };
		934FBCF22A29B13100343BDC /* test */ = {isa = PBXFileReference; explicitFileType = "compiled.mach-o.executable"; includeInIndex = 0; path = test; sourceTree = BUILT_PRODUCTS_DIR; };
		939BB7B72A2A243F00F7026B /* StdExt */ = {isa = PBXFileReference; lastKnownFileType = folder; name = StdExt; path = ../include/StdExt; sourceTree = SOURCE_ROOT; };
		93C59FF92ABEC0D9005CEBE7 /* libiconv.2.tbd */ = {isa = PBXFileReference; lastKnownFileType = "sourcecode.text-based-dylib-definition"; name = libiconv.2.tbd; path = usr/lib/libiconv.2.tbd; sourceTree = SDKROOT; };
		93C5A0002ABEC413005CEBE7 /* Vec.cpp */ = {isa = PBXFileReference; lastKnownFileType = sourcecode.cpp.cpp; path = Vec.cpp; sourceTree = "<group>"; };
		93C5A0012ABEC413005CEBE7 /* UID.cpp */ = {isa = PBXFileReference; lastKnownFileType = sourcecode.cpp.cpp; path = UID.cpp; sourceTree = "<group>"; };
		93C5A0032ABEC413005CEBE7 /* BufferedStream.cpp */ = {isa = PBXFileReference; lastKnownFileType = sourcecode.cpp.cpp; path = BufferedStream.cpp; sourceTree = "<group>"; };
		93C5A0042ABEC413005CEBE7 /* TestByteStream.cpp */ = {isa = PBXFileReference; lastKnownFileType = sourcecode.cpp.cpp; path = TestByteStream.cpp; sourceTree = "<group>"; };
		93C5A0052ABEC413005CEBE7 /* MemoryStream.cpp */ = {isa = PBXFileReference; lastKnownFileType = sourcecode.cpp.cpp; path = MemoryStream.cpp; sourceTree = "<group>"; };
		93C5A0062ABEC413005CEBE7 /* FileStream.cpp */ = {isa = PBXFileReference; lastKnownFileType = sourcecode.cpp.cpp; path = FileStream.cpp; sourceTree = "<group>"; };
		93C5A0072ABEC413005CEBE7 /* ByteStream.cpp */ = {isa = PBXFileReference; lastKnownFileType = sourcecode.cpp.cpp; path = ByteStream.cpp; sourceTree = "<group>"; };
		93C5A0082ABEC413005CEBE7 /* String.cpp */ = {isa = PBXFileReference; lastKnownFileType = sourcecode.cpp.cpp; path = String.cpp; sourceTree = "<group>"; };
		93C5A00A2ABEC413005CEBE7 /* Exceptions.cpp */ = {isa = PBXFileReference; lastKnownFileType = sourcecode.cpp.cpp; path = Exceptions.cpp; sourceTree = "<group>"; };
		93C5A00C2ABEC413005CEBE7 /* ElementInternal.h */ = {isa = PBXFileReference; lastKnownFileType = sourcecode.c.h; path = ElementInternal.h; sourceTree = "<group>"; };
		93C5A00D2ABEC413005CEBE7 /* XML.cpp */ = {isa = PBXFileReference; lastKnownFileType = sourcecode.cpp.cpp; path = XML.cpp; sourceTree = "<group>"; };
		93C5A00E2ABEC413005CEBE7 /* Element.cpp */ = {isa = PBXFileReference; lastKnownFileType = sourcecode.cpp.cpp; path = Element.cpp; sourceTree = "<group>"; };
		93C5A00F2ABEC413005CEBE7 /* ElementInternal.cpp */ = {isa = PBXFileReference; lastKnownFileType = sourcecode.cpp.cpp; path = ElementInternal.cpp; sourceTree = "<group>"; };
		93C5A0112ABEC413005CEBE7 /* tinyxml2.cpp */ = {isa = PBXFileReference; lastKnownFileType = sourcecode.cpp.cpp; path = tinyxml2.cpp; sourceTree = "<group>"; };
		93C5A0122ABEC413005CEBE7 /* tinyxml2.h */ = {isa = PBXFileReference; lastKnownFileType = sourcecode.c.h; path = tinyxml2.h; sourceTree = "<group>"; };
		93C5A0142ABEC413005CEBE7 /* Binary.cpp */ = {isa = PBXFileReference; lastKnownFileType = sourcecode.cpp.cpp; path = Binary.cpp; sourceTree = "<group>"; };
		93C5A0162ABEC413005CEBE7 /* Text.cpp */ = {isa = PBXFileReference; lastKnownFileType = sourcecode.cpp.cpp; path = Text.cpp; sourceTree = "<group>"; };
		93C5A0172ABEC413005CEBE7 /* Buffer.cpp */ = {isa = PBXFileReference; lastKnownFileType = sourcecode.cpp.cpp; path = Buffer.cpp; sourceTree = "<group>"; };
		93C5A0192ABEC413005CEBE7 /* Condition.cpp */ = {isa = PBXFileReference; lastKnownFileType = sourcecode.cpp.cpp; path = Condition.cpp; sourceTree = "<group>"; };
		93C5A01A2ABEC413005CEBE7 /* Mutex.cpp */ = {isa = PBXFileReference; lastKnownFileType = sourcecode.cpp.cpp; path = Mutex.cpp; sourceTree = "<group>"; };
		93C5A01B2ABEC413005CEBE7 /* FunctionTask.cpp */ = {isa = PBXFileReference; lastKnownFileType = sourcecode.cpp.cpp; path = FunctionTask.cpp; sourceTree = "<group>"; };
		93C5A01C2ABEC413005CEBE7 /* Wait.cpp */ = {isa = PBXFileReference; lastKnownFileType = sourcecode.cpp.cpp; path = Wait.cpp; sourceTree = "<group>"; };
		93C5A01D2ABEC413005CEBE7 /* TaskLoop.cpp */ = {isa = PBXFileReference; lastKnownFileType = sourcecode.cpp.cpp; path = TaskLoop.cpp; sourceTree = "<group>"; };
		93C5A01E2ABEC413005CEBE7 /* Timer.cpp */ = {isa = PBXFileReference; lastKnownFileType = sourcecode.cpp.cpp; path = Timer.cpp; sourceTree = "<group>"; };
		93C5A01F2ABEC413005CEBE7 /* RWLock.cpp */ = {isa = PBXFileReference; lastKnownFileType = sourcecode.cpp.cpp; path = RWLock.cpp; sourceTree = "<group>"; };
		93C5A0202ABEC413005CEBE7 /* Task.cpp */ = {isa = PBXFileReference; lastKnownFileType = sourcecode.cpp.cpp; path = Task.cpp; sourceTree = "<group>"; };
		93C5A0212ABEC413005CEBE7 /* Matrix.cpp */ = {isa = PBXFileReference; lastKnownFileType = sourcecode.cpp.cpp; path = Matrix.cpp; sourceTree = "<group>"; };
		93C5A0222ABEC413005CEBE7 /* Number.cpp */ = {isa = PBXFileReference; lastKnownFileType = sourcecode.cpp.cpp; path = Number.cpp; sourceTree = "<group>"; };
		93C5A0472ABEC610005CEBE7 /* Utility_test.cpp */ = {isa = PBXFileReference; lastKnownFileType = sourcecode.cpp.cpp; path = Utility_test.cpp; sourceTree = "<group>"; };
		93C5A0482ABEC610005CEBE7 /* Number_Test.cpp */ = {isa = PBXFileReference; lastKnownFileType = sourcecode.cpp.cpp; path = Number_Test.cpp; sourceTree = "<group>"; };
		93C5A0492ABEC610005CEBE7 /* Concurrent_Test.cpp */ = {isa = PBXFileReference; lastKnownFileType = sourcecode.cpp.cpp; path = Concurrent_Test.cpp; sourceTree = "<group>"; };
		93C5A04A2ABEC610005CEBE7 /* Signal_Test.cpp */ = {isa = PBXFileReference; lastKnownFileType = sourcecode.cpp.cpp; path = Signal_Test.cpp; sourceTree = "<group>"; };
		93C5A04B2ABEC610005CEBE7 /* Memory_test.cpp */ = {isa = PBXFileReference; lastKnownFileType = sourcecode.cpp.cpp; path = Memory_test.cpp; sourceTree = "<group>"; };
		93C5A04C2ABEC610005CEBE7 /* String_Test.cpp */ = {isa = PBXFileReference; lastKnownFileType = sourcecode.cpp.cpp; path = String_Test.cpp; sourceTree = "<group>"; };
		93C5A04D2ABEC610005CEBE7 /* Unicode_Test.cpp */ = {isa = PBXFileReference; lastKnownFileType = sourcecode.cpp.cpp; path = Unicode_Test.cpp; sourceTree = "<group>"; };
		93C5A04E2ABEC610005CEBE7 /* InPlace_test.cpp */ = {isa = PBXFileReference; lastKnownFileType = sourcecode.cpp.cpp; path = InPlace_test.cpp; sourceTree = "<group>"; };
		93C5A04F2ABEC610005CEBE7 /* CallableTraits_test.cpp */ = {isa = PBXFileReference; lastKnownFileType = sourcecode.cpp.cpp; path = CallableTraits_test.cpp; sourceTree = "<group>"; };
		93C5A0502ABEC610005CEBE7 /* Matrix_Test.cpp */ = {isa = PBXFileReference; lastKnownFileType = sourcecode.cpp.cpp; path = Matrix_Test.cpp; sourceTree = "<group>"; };
		93C5A0512ABEC610005CEBE7 /* Const_test.cpp */ = {isa = PBXFileReference; lastKnownFileType = sourcecode.cpp.cpp; path = Const_test.cpp; sourceTree = "<group>"; };
		93C5A0522ABEC610005CEBE7 /* Concepts_Test.cpp */ = {isa = PBXFileReference; lastKnownFileType = sourcecode.cpp.cpp; path = Concepts_Test.cpp; sourceTree = "<group>"; };
		93C5A0532ABEC610005CEBE7 /* TestClasses.cpp */ = {isa = PBXFileReference; lastKnownFileType = sourcecode.cpp.cpp; path = TestClasses.cpp; sourceTree = "<group>"; };
		93C5A0542ABEC610005CEBE7 /* TypeInfo_test.cpp */ = {isa = PBXFileReference; lastKnownFileType = sourcecode.cpp.cpp; path = TypeInfo_test.cpp; sourceTree = "<group>"; };
		93C5A0552ABEC610005CEBE7 /* Vec_Test.cpp */ = {isa = PBXFileReference; lastKnownFileType = sourcecode.cpp.cpp; path = Vec_Test.cpp; sourceTree = "<group>"; };
		93C5A0562ABEC610005CEBE7 /* TestClasses.h */ = {isa = PBXFileReference; lastKnownFileType = sourcecode.c.h; path = TestClasses.h; sourceTree = "<group>"; };
		93C5A0572ABEC610005CEBE7 /* Collections_Test.cpp */ = {isa = PBXFileReference; lastKnownFileType = sourcecode.cpp.cpp; path = Collections_Test.cpp; sourceTree = "<group>"; };
		93C5A0582ABEC610005CEBE7 /* SerializeTesting.h */ = {isa = PBXFileReference; lastKnownFileType = sourcecode.c.h; path = SerializeTesting.h; sourceTree = "<group>"; };
		93C5A0592ABEC610005CEBE7 /* Any_Test.cpp */ = {isa = PBXFileReference; lastKnownFileType = sourcecode.cpp.cpp; path = Any_Test.cpp; sourceTree = "<group>"; };
		93C5A05A2ABEC610005CEBE7 /* main.cpp */ = {isa = PBXFileReference; lastKnownFileType = sourcecode.cpp.cpp; path = main.cpp; sourceTree = "<group>"; };
		93C5A05B2ABEC610005CEBE7 /* Serialize_test.cpp */ = {isa = PBXFileReference; lastKnownFileType = sourcecode.cpp.cpp; path = Serialize_test.cpp; sourceTree = "<group>"; };
/* End PBXFileReference section */

/* Begin PBXFrameworksBuildPhase section */
		931D66302A285B3300C87D43 /* Frameworks */ = {
			isa = PBXFrameworksBuildPhase;
			buildActionMask = 2147483647;
			files = (
			);
			runOnlyForDeploymentPostprocessing = 0;
		};
		934FBCEF2A29B13100343BDC /* Frameworks */ = {
			isa = PBXFrameworksBuildPhase;
			buildActionMask = 2147483647;
			files = (
				93C59FFA2ABEC0D9005CEBE7 /* libiconv.2.tbd in Frameworks */,
				934FBD712A29B49300343BDC /* libStdExt.a in Frameworks */,
			);
			runOnlyForDeploymentPostprocessing = 0;
		};
/* End PBXFrameworksBuildPhase section */

/* Begin PBXGroup section */
		931D66292A285B3300C87D43 = {
			isa = PBXGroup;
			children = (
				93C5A0462ABEC610005CEBE7 /* test */,
				93C59FFF2ABEC413005CEBE7 /* src */,
				939BB7B72A2A243F00F7026B /* StdExt */,
				934FBD702A29B49300343BDC /* Frameworks */,
				931D66332A285B3300C87D43 /* Products */,
			);
			sourceTree = "<group>";
		};
		931D66332A285B3300C87D43 /* Products */ = {
			isa = PBXGroup;
			children = (
				931D66322A285B3300C87D43 /* libStdExt.a */,
				934FBCF22A29B13100343BDC /* test */,
			);
			name = Products;
			sourceTree = "<group>";
		};
		934FBD702A29B49300343BDC /* Frameworks */ = {
			isa = PBXGroup;
			children = (
				93C59FF92ABEC0D9005CEBE7 /* libiconv.2.tbd */,
			);
			name = Frameworks;
			sourceTree = "<group>";
		};
		93C59FFF2ABEC413005CEBE7 /* src */ = {
			isa = PBXGroup;
			children = (
				93C5A0182ABEC413005CEBE7 /* Concurrent */,
				93C5A0092ABEC413005CEBE7 /* Serialize */,
				93C5A0022ABEC413005CEBE7 /* Streams */,
				93C5A0002ABEC413005CEBE7 /* Vec.cpp */,
				93C5A0012ABEC413005CEBE7 /* UID.cpp */,
				93C5A0082ABEC413005CEBE7 /* String.cpp */,
				93C5A0172ABEC413005CEBE7 /* Buffer.cpp */,
				93C5A0212ABEC413005CEBE7 /* Matrix.cpp */,
				93C5A0222ABEC413005CEBE7 /* Number.cpp */,
			);
			name = src;
			path = ../src;
			sourceTree = "<group>";
		};
		93C5A0022ABEC413005CEBE7 /* Streams */ = {
			isa = PBXGroup;
			children = (
				93C5A0032ABEC413005CEBE7 /* BufferedStream.cpp */,
				93C5A0042ABEC413005CEBE7 /* TestByteStream.cpp */,
				93C5A0052ABEC413005CEBE7 /* MemoryStream.cpp */,
				93C5A0062ABEC413005CEBE7 /* FileStream.cpp */,
				93C5A0072ABEC413005CEBE7 /* ByteStream.cpp */,
			);
			path = Streams;
			sourceTree = "<group>";
		};
		93C5A0092ABEC413005CEBE7 /* Serialize */ = {
			isa = PBXGroup;
			children = (
				93C5A00A2ABEC413005CEBE7 /* Exceptions.cpp */,
				93C5A00B2ABEC413005CEBE7 /* XML */,
				93C5A0102ABEC413005CEBE7 /* TinyXml2 */,
				93C5A0132ABEC413005CEBE7 /* Binary */,
				93C5A0152ABEC413005CEBE7 /* Text */,
			);
			path = Serialize;
			sourceTree = "<group>";
		};
		93C5A00B2ABEC413005CEBE7 /* XML */ = {
			isa = PBXGroup;
			children = (
				93C5A00C2ABEC413005CEBE7 /* ElementInternal.h */,
				93C5A00D2ABEC413005CEBE7 /* XML.cpp */,
				93C5A00E2ABEC413005CEBE7 /* Element.cpp */,
				93C5A00F2ABEC413005CEBE7 /* ElementInternal.cpp */,
			);
			path = XML;
			sourceTree = "<group>";
		};
		93C5A0102ABEC413005CEBE7 /* TinyXml2 */ = {
			isa = PBXGroup;
			children = (
				93C5A0112ABEC413005CEBE7 /* tinyxml2.cpp */,
				93C5A0122ABEC413005CEBE7 /* tinyxml2.h */,
			);
			path = TinyXml2;
			sourceTree = "<group>";
		};
		93C5A0132ABEC413005CEBE7 /* Binary */ = {
			isa = PBXGroup;
			children = (
				93C5A0142ABEC413005CEBE7 /* Binary.cpp */,
			);
			path = Binary;
			sourceTree = "<group>";
		};
		93C5A0152ABEC413005CEBE7 /* Text */ = {
			isa = PBXGroup;
			children = (
				93C5A0162ABEC413005CEBE7 /* Text.cpp */,
			);
			path = Text;
			sourceTree = "<group>";
		};
		93C5A0182ABEC413005CEBE7 /* Concurrent */ = {
			isa = PBXGroup;
			children = (
				93C5A0192ABEC413005CEBE7 /* Condition.cpp */,
				93C5A01A2ABEC413005CEBE7 /* Mutex.cpp */,
				93C5A01B2ABEC413005CEBE7 /* FunctionTask.cpp */,
				93C5A01C2ABEC413005CEBE7 /* Wait.cpp */,
				93C5A01D2ABEC413005CEBE7 /* TaskLoop.cpp */,
				93C5A01E2ABEC413005CEBE7 /* Timer.cpp */,
				93C5A01F2ABEC413005CEBE7 /* RWLock.cpp */,
				93C5A0202ABEC413005CEBE7 /* Task.cpp */,
			);
			path = Concurrent;
			sourceTree = "<group>";
		};
		93C5A0462ABEC610005CEBE7 /* test */ = {
			isa = PBXGroup;
			children = (
				93C5A0472ABEC610005CEBE7 /* Utility_test.cpp */,
				93C5A0482ABEC610005CEBE7 /* Number_Test.cpp */,
				93C5A0492ABEC610005CEBE7 /* Concurrent_Test.cpp */,
				93C5A04A2ABEC610005CEBE7 /* Signal_Test.cpp */,
				93C5A04B2ABEC610005CEBE7 /* Memory_test.cpp */,
				93C5A04C2ABEC610005CEBE7 /* String_Test.cpp */,
				93C5A04D2ABEC610005CEBE7 /* Unicode_Test.cpp */,
				93C5A04E2ABEC610005CEBE7 /* InPlace_test.cpp */,
				93C5A04F2ABEC610005CEBE7 /* CallableTraits_test.cpp */,
				93C5A0502ABEC610005CEBE7 /* Matrix_Test.cpp */,
				93C5A0512ABEC610005CEBE7 /* Const_test.cpp */,
				93C5A0522ABEC610005CEBE7 /* Concepts_Test.cpp */,
				93C5A0532ABEC610005CEBE7 /* TestClasses.cpp */,
				93C5A0542ABEC610005CEBE7 /* TypeInfo_test.cpp */,
				93C5A0552ABEC610005CEBE7 /* Vec_Test.cpp */,
				93C5A0562ABEC610005CEBE7 /* TestClasses.h */,
				93C5A0572ABEC610005CEBE7 /* Collections_Test.cpp */,
				93C5A0582ABEC610005CEBE7 /* SerializeTesting.h */,
				93C5A0592ABEC610005CEBE7 /* Any_Test.cpp */,
				93C5A05A2ABEC610005CEBE7 /* main.cpp */,
				93C5A05B2ABEC610005CEBE7 /* Serialize_test.cpp */,
			);
			name = test;
			path = ../test;
			sourceTree = "<group>";
		};
/* End PBXGroup section */

/* Begin PBXHeadersBuildPhase section */
		931D662E2A285B3300C87D43 /* Headers */ = {
			isa = PBXHeadersBuildPhase;
			buildActionMask = 2147483647;
			files = (
				939BB7B82A2A245D00F7026B /* StdExt in Headers */,
			);
			runOnlyForDeploymentPostprocessing = 0;
		};
/* End PBXHeadersBuildPhase section */

/* Begin PBXNativeTarget section */
		931D66312A285B3300C87D43 /* StdExt */ = {
			isa = PBXNativeTarget;
			buildConfigurationList = 931D663D2A285B3300C87D43 /* Build configuration list for PBXNativeTarget "StdExt" */;
			buildPhases = (
				931D662E2A285B3300C87D43 /* Headers */,
				931D662F2A285B3300C87D43 /* Sources */,
				931D66302A285B3300C87D43 /* Frameworks */,
				931D67722A2978F600C87D43 /* CopyFiles */,
			);
			buildRules = (
			);
			dependencies = (
			);
			name = StdExt;
			productName = StdExt;
			productReference = 931D66322A285B3300C87D43 /* libStdExt.a */;
			productType = "com.apple.product-type.library.static";
		};
		934FBCF12A29B13100343BDC /* test */ = {
			isa = PBXNativeTarget;
			buildConfigurationList = 934FBCF62A29B13100343BDC /* Build configuration list for PBXNativeTarget "test" */;
			buildPhases = (
				934FBCEE2A29B13100343BDC /* Sources */,
				934FBCEF2A29B13100343BDC /* Frameworks */,
				934FBCF02A29B13100343BDC /* CopyFiles */,
			);
			buildRules = (
			);
			dependencies = (
				934FBD752A29B66600343BDC /* PBXTargetDependency */,
			);
			name = test;
			productName = test;
			productReference = 934FBCF22A29B13100343BDC /* test */;
			productType = "com.apple.product-type.tool";
		};
/* End PBXNativeTarget section */

/* Begin PBXProject section */
		931D662A2A285B3300C87D43 /* Project object */ = {
			isa = PBXProject;
			attributes = {
				BuildIndependentTargetsInParallel = 1;
				LastUpgradeCheck = 1500;
				TargetAttributes = {
					931D66312A285B3300C87D43 = {
						CreatedOnToolsVersion = 14.3;
					};
					934FBCF12A29B13100343BDC = {
						CreatedOnToolsVersion = 14.3;
					};
				};
			};
			buildConfigurationList = 931D662D2A285B3300C87D43 /* Build configuration list for PBXProject "StdExt" */;
			compatibilityVersion = "Xcode 14.0";
			developmentRegion = en;
			hasScannedForEncodings = 0;
			knownRegions = (
				en,
				Base,
			);
			mainGroup = 931D66292A285B3300C87D43;
			productRefGroup = 931D66332A285B3300C87D43 /* Products */;
			projectDirPath = "";
			projectRoot = "";
			targets = (
				931D66312A285B3300C87D43 /* StdExt */,
				934FBCF12A29B13100343BDC /* test */,
			);
		};
/* End PBXProject section */

/* Begin PBXSourcesBuildPhase section */
		931D662F2A285B3300C87D43 /* Sources */ = {
			isa = PBXSourcesBuildPhase;
			buildActionMask = 2147483647;
			files = (
				93C5A0392ABEC492005CEBE7 /* Binary.cpp in Sources */,
				93C5A03A2ABEC492005CEBE7 /* Text.cpp in Sources */,
				93C5A03B2ABEC492005CEBE7 /* BufferedStream.cpp in Sources */,
				93C5A03C2ABEC492005CEBE7 /* TestByteStream.cpp in Sources */,
				93C5A03D2ABEC492005CEBE7 /* MemoryStream.cpp in Sources */,
				93C5A03E2ABEC492005CEBE7 /* FileStream.cpp in Sources */,
				93C5A03F2ABEC492005CEBE7 /* ByteStream.cpp in Sources */,
				93C5A0402ABEC492005CEBE7 /* Vec.cpp in Sources */,
				93C5A0412ABEC492005CEBE7 /* UID.cpp in Sources */,
				93C5A0422ABEC492005CEBE7 /* String.cpp in Sources */,
				93C5A0432ABEC492005CEBE7 /* Buffer.cpp in Sources */,
				93C5A0442ABEC492005CEBE7 /* Matrix.cpp in Sources */,
				93C5A0452ABEC492005CEBE7 /* Number.cpp in Sources */,
				93C5A0382ABEC486005CEBE7 /* tinyxml2.cpp in Sources */,
				93C5A0352ABEC47E005CEBE7 /* XML.cpp in Sources */,
				93C5A0362ABEC47E005CEBE7 /* Element.cpp in Sources */,
				93C5A0372ABEC47E005CEBE7 /* ElementInternal.cpp in Sources */,
				93C5A0342ABEC473005CEBE7 /* Exceptions.cpp in Sources */,
				93C5A02C2ABEC463005CEBE7 /* Condition.cpp in Sources */,
				93C5A02D2ABEC463005CEBE7 /* Mutex.cpp in Sources */,
				93C5A02E2ABEC463005CEBE7 /* FunctionTask.cpp in Sources */,
				93C5A02F2ABEC463005CEBE7 /* Wait.cpp in Sources */,
				93C5A0302ABEC463005CEBE7 /* TaskLoop.cpp in Sources */,
				93C5A0312ABEC463005CEBE7 /* Timer.cpp in Sources */,
				93C5A0322ABEC463005CEBE7 /* RWLock.cpp in Sources */,
				93C5A0332ABEC463005CEBE7 /* Task.cpp in Sources */,
			);
			runOnlyForDeploymentPostprocessing = 0;
		};
		934FBCEE2A29B13100343BDC /* Sources */ = {
			isa = PBXSourcesBuildPhase;
			buildActionMask = 2147483647;
			files = (
				93C5A05C2ABEC673005CEBE7 /* Utility_test.cpp in Sources */,
				93C5A05D2ABEC673005CEBE7 /* Number_Test.cpp in Sources */,
				93C5A05E2ABEC673005CEBE7 /* Concurrent_Test.cpp in Sources */,
				93C5A05F2ABEC673005CEBE7 /* Signal_Test.cpp in Sources */,
				93C5A0602ABEC673005CEBE7 /* Memory_test.cpp in Sources */,
				93C5A0612ABEC673005CEBE7 /* String_Test.cpp in Sources */,
				93C5A0622ABEC673005CEBE7 /* Unicode_Test.cpp in Sources */,
				93C5A0632ABEC673005CEBE7 /* InPlace_test.cpp in Sources */,
				93C5A0642ABEC673005CEBE7 /* CallableTraits_test.cpp in Sources */,
				93C5A0652ABEC673005CEBE7 /* Matrix_Test.cpp in Sources */,
				93C5A0662ABEC673005CEBE7 /* Const_test.cpp in Sources */,
				93C5A0672ABEC673005CEBE7 /* Concepts_Test.cpp in Sources */,
				93C5A0682ABEC673005CEBE7 /* TestClasses.cpp in Sources */,
				93C5A0692ABEC673005CEBE7 /* TypeInfo_test.cpp in Sources */,
				93C5A06A2ABEC673005CEBE7 /* Vec_Test.cpp in Sources */,
				93C5A06B2ABEC673005CEBE7 /* Collections_Test.cpp in Sources */,
				93C5A06C2ABEC673005CEBE7 /* Any_Test.cpp in Sources */,
				93C5A06D2ABEC673005CEBE7 /* main.cpp in Sources */,
				93C5A06E2ABEC673005CEBE7 /* Serialize_test.cpp in Sources */,
			);
			runOnlyForDeploymentPostprocessing = 0;
		};
/* End PBXSourcesBuildPhase section */

/* Begin PBXTargetDependency section */
		934FBD752A29B66600343BDC /* PBXTargetDependency */ = {
			isa = PBXTargetDependency;
			target = 931D66312A285B3300C87D43 /* StdExt */;
			targetProxy = 934FBD742A29B66600343BDC /* PBXContainerItemProxy */;
		};
/* End PBXTargetDependency section */

/* Begin XCBuildConfiguration section */
		931D663B2A285B3300C87D43 /* Debug */ = {
			isa = XCBuildConfiguration;
			buildSettings = {
				CLANG_ANALYZER_NONNULL = YES;
				CLANG_ANALYZER_NUMBER_OBJECT_CONVERSION = YES_AGGRESSIVE;
				CLANG_CXX_LANGUAGE_STANDARD = "c++20";
				CLANG_ENABLE_MODULES = YES;
				CLANG_ENABLE_OBJC_ARC = YES;
				CLANG_ENABLE_OBJC_WEAK = YES;
				CLANG_WARN_BLOCK_CAPTURE_AUTORELEASING = YES;
				CLANG_WARN_BOOL_CONVERSION = YES;
				CLANG_WARN_COMMA = YES;
				CLANG_WARN_CONSTANT_CONVERSION = YES;
				CLANG_WARN_DEPRECATED_OBJC_IMPLEMENTATIONS = YES;
				CLANG_WARN_DIRECT_OBJC_ISA_USAGE = YES_ERROR;
				CLANG_WARN_DOCUMENTATION_COMMENTS = YES;
				CLANG_WARN_EMPTY_BODY = YES;
				CLANG_WARN_ENUM_CONVERSION = YES;
				CLANG_WARN_INFINITE_RECURSION = YES;
				CLANG_WARN_INT_CONVERSION = YES;
				CLANG_WARN_NON_LITERAL_NULL_CONVERSION = YES;
				CLANG_WARN_OBJC_IMPLICIT_RETAIN_SELF = YES;
				CLANG_WARN_OBJC_LITERAL_CONVERSION = YES;
				CLANG_WARN_OBJC_ROOT_CLASS = YES_ERROR;
				CLANG_WARN_QUOTED_INCLUDE_IN_FRAMEWORK_HEADER = YES;
				CLANG_WARN_RANGE_LOOP_ANALYSIS = YES;
				CLANG_WARN_STRICT_PROTOTYPES = YES;
				CLANG_WARN_SUSPICIOUS_MOVE = YES;
				CLANG_WARN_UNGUARDED_AVAILABILITY = YES_AGGRESSIVE;
				CLANG_WARN_UNREACHABLE_CODE = YES;
				CLANG_WARN__DUPLICATE_METHOD_MATCH = YES;
				COPY_PHASE_STRIP = NO;
				DEAD_CODE_STRIPPING = YES;
				DEBUG_INFORMATION_FORMAT = dwarf;
				ENABLE_STRICT_OBJC_MSGSEND = YES;
				ENABLE_TESTABILITY = YES;
				ENABLE_USER_SCRIPT_SANDBOXING = YES;
				GCC_C_LANGUAGE_STANDARD = c17;
				GCC_DYNAMIC_NO_PIC = NO;
				GCC_NO_COMMON_BLOCKS = YES;
				GCC_OPTIMIZATION_LEVEL = 0;
				GCC_PREPROCESSOR_DEFINITIONS = (
					"DEBUG=1",
					"$(inherited)",
				);
				GCC_WARN_64_TO_32_BIT_CONVERSION = YES;
				GCC_WARN_ABOUT_RETURN_TYPE = YES_ERROR;
				GCC_WARN_UNDECLARED_SELECTOR = YES;
				GCC_WARN_UNINITIALIZED_AUTOS = YES_AGGRESSIVE;
				GCC_WARN_UNUSED_FUNCTION = NO;
				GCC_WARN_UNUSED_VARIABLE = YES;
				HEADER_SEARCH_PATHS = ../include;
				MACOSX_DEPLOYMENT_TARGET = 13.3;
				MTL_ENABLE_DEBUG_INFO = INCLUDE_SOURCE;
				MTL_FAST_MATH = YES;
				ONLY_ACTIVE_ARCH = YES;
				SDKROOT = macosx;
			};
			name = Debug;
		};
		931D663C2A285B3300C87D43 /* Release */ = {
			isa = XCBuildConfiguration;
			buildSettings = {
				CLANG_ANALYZER_NONNULL = YES;
				CLANG_ANALYZER_NUMBER_OBJECT_CONVERSION = YES_AGGRESSIVE;
				CLANG_CXX_LANGUAGE_STANDARD = "c++20";
				CLANG_ENABLE_MODULES = YES;
				CLANG_ENABLE_OBJC_ARC = YES;
				CLANG_ENABLE_OBJC_WEAK = YES;
				CLANG_WARN_BLOCK_CAPTURE_AUTORELEASING = YES;
				CLANG_WARN_BOOL_CONVERSION = YES;
				CLANG_WARN_COMMA = YES;
				CLANG_WARN_CONSTANT_CONVERSION = YES;
				CLANG_WARN_DEPRECATED_OBJC_IMPLEMENTATIONS = YES;
				CLANG_WARN_DIRECT_OBJC_ISA_USAGE = YES_ERROR;
				CLANG_WARN_DOCUMENTATION_COMMENTS = YES;
				CLANG_WARN_EMPTY_BODY = YES;
				CLANG_WARN_ENUM_CONVERSION = YES;
				CLANG_WARN_INFINITE_RECURSION = YES;
				CLANG_WARN_INT_CONVERSION = YES;
				CLANG_WARN_NON_LITERAL_NULL_CONVERSION = YES;
				CLANG_WARN_OBJC_IMPLICIT_RETAIN_SELF = YES;
				CLANG_WARN_OBJC_LITERAL_CONVERSION = YES;
				CLANG_WARN_OBJC_ROOT_CLASS = YES_ERROR;
				CLANG_WARN_QUOTED_INCLUDE_IN_FRAMEWORK_HEADER = YES;
				CLANG_WARN_RANGE_LOOP_ANALYSIS = YES;
				CLANG_WARN_STRICT_PROTOTYPES = YES;
				CLANG_WARN_SUSPICIOUS_MOVE = YES;
				CLANG_WARN_UNGUARDED_AVAILABILITY = YES_AGGRESSIVE;
				CLANG_WARN_UNREACHABLE_CODE = YES;
				CLANG_WARN__DUPLICATE_METHOD_MATCH = YES;
				COPY_PHASE_STRIP = NO;
				DEAD_CODE_STRIPPING = YES;
				DEBUG_INFORMATION_FORMAT = "";
				ENABLE_NS_ASSERTIONS = NO;
				ENABLE_STRICT_OBJC_MSGSEND = YES;
				ENABLE_USER_SCRIPT_SANDBOXING = YES;
				GCC_C_LANGUAGE_STANDARD = c17;
				GCC_GENERATE_DEBUGGING_SYMBOLS = NO;
				GCC_NO_COMMON_BLOCKS = YES;
				GCC_WARN_64_TO_32_BIT_CONVERSION = YES;
				GCC_WARN_ABOUT_RETURN_TYPE = YES_ERROR;
				GCC_WARN_UNDECLARED_SELECTOR = YES;
				GCC_WARN_UNINITIALIZED_AUTOS = YES_AGGRESSIVE;
				GCC_WARN_UNUSED_FUNCTION = NO;
				GCC_WARN_UNUSED_VARIABLE = YES;
				HEADER_SEARCH_PATHS = ../include;
				MACOSX_DEPLOYMENT_TARGET = 13.3;
				MTL_ENABLE_DEBUG_INFO = NO;
				MTL_FAST_MATH = YES;
				SDKROOT = macosx;
			};
			name = Release;
		};
		931D663E2A285B3300C87D43 /* Debug */ = {
			isa = XCBuildConfiguration;
			buildSettings = {
				CODE_SIGN_STYLE = Automatic;
				DEAD_CODE_STRIPPING = YES;
				EXECUTABLE_PREFIX = lib;
				PRODUCT_NAME = "$(TARGET_NAME)";
				SKIP_INSTALL = YES;
			};
			name = Debug;
		};
		931D663F2A285B3300C87D43 /* Release */ = {
			isa = XCBuildConfiguration;
			buildSettings = {
				CODE_SIGN_STYLE = Automatic;
				DEAD_CODE_STRIPPING = YES;
				EXECUTABLE_PREFIX = lib;
				PRODUCT_NAME = "$(TARGET_NAME)";
				SKIP_INSTALL = YES;
			};
			name = Release;
		};
		934FBCF72A29B13100343BDC /* Debug */ = {
			isa = XCBuildConfiguration;
			buildSettings = {
				CLANG_CXX_LANGUAGE_STANDARD = "gnu++20";
				CODE_SIGN_STYLE = Automatic;
				DEAD_CODE_STRIPPING = YES;
				PRODUCT_NAME = "$(TARGET_NAME)";
			};
			name = Debug;
		};
		934FBCF82A29B13100343BDC /* Release */ = {
			isa = XCBuildConfiguration;
			buildSettings = {
				CLANG_CXX_LANGUAGE_STANDARD = "gnu++20";
				CODE_SIGN_STYLE = Automatic;
				DEAD_CODE_STRIPPING = YES;
				PRODUCT_NAME = "$(TARGET_NAME)";
			};
			name = Release;
		};
/* End XCBuildConfiguration section */

/* Begin XCConfigurationList section */
		931D662D2A285B3300C87D43 /* Build configuration list for PBXProject "StdExt" */ = {
			isa = XCConfigurationList;
			buildConfigurations = (
				931D663B2A285B3300C87D43 /* Debug */,
				931D663C2A285B3300C87D43 /* Release */,
			);
			defaultConfigurationIsVisible = 0;
			defaultConfigurationName = Release;
		};
		931D663D2A285B3300C87D43 /* Build configuration list for PBXNativeTarget "StdExt" */ = {
			isa = XCConfigurationList;
			buildConfigurations = (
				931D663E2A285B3300C87D43 /* Debug */,
				931D663F2A285B3300C87D43 /* Release */,
			);
			defaultConfigurationIsVisible = 0;
			defaultConfigurationName = Release;
		};
		934FBCF62A29B13100343BDC /* Build configuration list for PBXNativeTarget "test" */ = {
			isa = XCConfigurationList;
			buildConfigurations = (
				934FBCF72A29B13100343BDC /* Debug */,
				934FBCF82A29B13100343BDC /* Release */,
			);
			defaultConfigurationIsVisible = 0;
			defaultConfigurationName = Release;
		};
/* End XCConfigurationList section */
	};
	rootObject = 931D662A2A285B3300C87D43 /* Project object */;
}
