// !$*UTF8*$!
{
	archiveVersion = 1;
	classes = {
	};
	objectVersion = 56;
	objects = {

/* Begin PBXBuildFile section */
		934FBD712A29B49300343BDC /* libStdExt.a in Frameworks */ = {isa = PBXBuildFile; fileRef = 931D66322A285B3300C87D43 /* libStdExt.a */; };
		934FBD732A29B4DB00343BDC /* libiconv.2.4.0.tbd in Frameworks */ = {isa = PBXBuildFile; fileRef = 934FBD722A29B4DB00343BDC /* libiconv.2.4.0.tbd */; };
		939BB7B82A2A245D00F7026B /* StdExt in Headers */ = {isa = PBXBuildFile; fileRef = 939BB7B72A2A243F00F7026B /* StdExt */; settings = {ATTRIBUTES = (Public, ); }; };
		939BB7DD2A2A24AB00F7026B /* Vec.cpp in Sources */ = {isa = PBXBuildFile; fileRef = 939BB7BA2A2A24AB00F7026B /* Vec.cpp */; };
		939BB7DE2A2A24AB00F7026B /* UID.cpp in Sources */ = {isa = PBXBuildFile; fileRef = 939BB7BB2A2A24AB00F7026B /* UID.cpp */; };
		939BB7DF2A2A24AB00F7026B /* BufferedStream.cpp in Sources */ = {isa = PBXBuildFile; fileRef = 939BB7BD2A2A24AB00F7026B /* BufferedStream.cpp */; };
		939BB7E02A2A24AB00F7026B /* TestByteStream.cpp in Sources */ = {isa = PBXBuildFile; fileRef = 939BB7BE2A2A24AB00F7026B /* TestByteStream.cpp */; };
		939BB7E12A2A24AB00F7026B /* MemoryStream.cpp in Sources */ = {isa = PBXBuildFile; fileRef = 939BB7BF2A2A24AB00F7026B /* MemoryStream.cpp */; };
		939BB7E22A2A24AB00F7026B /* FileStream.cpp in Sources */ = {isa = PBXBuildFile; fileRef = 939BB7C02A2A24AB00F7026B /* FileStream.cpp */; };
		939BB7E32A2A24AB00F7026B /* ByteStream.cpp in Sources */ = {isa = PBXBuildFile; fileRef = 939BB7C12A2A24AB00F7026B /* ByteStream.cpp */; };
		939BB7E42A2A24AB00F7026B /* String.cpp in Sources */ = {isa = PBXBuildFile; fileRef = 939BB7C22A2A24AB00F7026B /* String.cpp */; };
		939BB7E52A2A24AB00F7026B /* Exceptions.cpp in Sources */ = {isa = PBXBuildFile; fileRef = 939BB7C42A2A24AB00F7026B /* Exceptions.cpp */; };
		939BB7E72A2A24AB00F7026B /* XML.cpp in Sources */ = {isa = PBXBuildFile; fileRef = 939BB7C72A2A24AB00F7026B /* XML.cpp */; };
		939BB7E82A2A24AB00F7026B /* Element.cpp in Sources */ = {isa = PBXBuildFile; fileRef = 939BB7C82A2A24AB00F7026B /* Element.cpp */; };
		939BB7E92A2A24AB00F7026B /* ElementInternal.cpp in Sources */ = {isa = PBXBuildFile; fileRef = 939BB7C92A2A24AB00F7026B /* ElementInternal.cpp */; };
		939BB7EA2A2A24AB00F7026B /* tinyxml2.cpp in Sources */ = {isa = PBXBuildFile; fileRef = 939BB7CB2A2A24AB00F7026B /* tinyxml2.cpp */; };
		939BB7EC2A2A24AB00F7026B /* Binary.cpp in Sources */ = {isa = PBXBuildFile; fileRef = 939BB7CE2A2A24AB00F7026B /* Binary.cpp */; };
		939BB7ED2A2A24AB00F7026B /* Text.cpp in Sources */ = {isa = PBXBuildFile; fileRef = 939BB7D02A2A24AB00F7026B /* Text.cpp */; };
		939BB7EE2A2A24AB00F7026B /* Buffer.cpp in Sources */ = {isa = PBXBuildFile; fileRef = 939BB7D12A2A24AB00F7026B /* Buffer.cpp */; };
		939BB7EF2A2A24AB00F7026B /* Condition.cpp in Sources */ = {isa = PBXBuildFile; fileRef = 939BB7D32A2A24AB00F7026B /* Condition.cpp */; };
		939BB7F02A2A24AB00F7026B /* Mutex.cpp in Sources */ = {isa = PBXBuildFile; fileRef = 939BB7D42A2A24AB00F7026B /* Mutex.cpp */; };
		939BB7F12A2A24AB00F7026B /* FunctionTask.cpp in Sources */ = {isa = PBXBuildFile; fileRef = 939BB7D52A2A24AB00F7026B /* FunctionTask.cpp */; };
		939BB7F22A2A24AB00F7026B /* Wait.cpp in Sources */ = {isa = PBXBuildFile; fileRef = 939BB7D62A2A24AB00F7026B /* Wait.cpp */; };
		939BB7F32A2A24AB00F7026B /* TaskLoop.cpp in Sources */ = {isa = PBXBuildFile; fileRef = 939BB7D72A2A24AB00F7026B /* TaskLoop.cpp */; };
		939BB7F42A2A24AB00F7026B /* Timer.cpp in Sources */ = {isa = PBXBuildFile; fileRef = 939BB7D82A2A24AB00F7026B /* Timer.cpp */; };
		939BB7F52A2A24AB00F7026B /* RWLock.cpp in Sources */ = {isa = PBXBuildFile; fileRef = 939BB7D92A2A24AB00F7026B /* RWLock.cpp */; };
		939BB7F62A2A24AB00F7026B /* Task.cpp in Sources */ = {isa = PBXBuildFile; fileRef = 939BB7DA2A2A24AB00F7026B /* Task.cpp */; };
		939BB7F72A2A24AB00F7026B /* Matrix.cpp in Sources */ = {isa = PBXBuildFile; fileRef = 939BB7DB2A2A24AB00F7026B /* Matrix.cpp */; };
		939BB7F82A2A24AB00F7026B /* Number.cpp in Sources */ = {isa = PBXBuildFile; fileRef = 939BB7DC2A2A24AB00F7026B /* Number.cpp */; };
		939BB80E2A2A24CD00F7026B /* Utility_test.cpp in Sources */ = {isa = PBXBuildFile; fileRef = 939BB7FA2A2A24CD00F7026B /* Utility_test.cpp */; };
		939BB80F2A2A24CD00F7026B /* Number_Test.cpp in Sources */ = {isa = PBXBuildFile; fileRef = 939BB7FB2A2A24CD00F7026B /* Number_Test.cpp */; };
		939BB8102A2A24CD00F7026B /* Concurrent_Test.cpp in Sources */ = {isa = PBXBuildFile; fileRef = 939BB7FC2A2A24CD00F7026B /* Concurrent_Test.cpp */; };
		939BB8112A2A24CD00F7026B /* Signal_Test.cpp in Sources */ = {isa = PBXBuildFile; fileRef = 939BB7FD2A2A24CD00F7026B /* Signal_Test.cpp */; };
		939BB8122A2A24CD00F7026B /* Memory_test.cpp in Sources */ = {isa = PBXBuildFile; fileRef = 939BB7FE2A2A24CD00F7026B /* Memory_test.cpp */; };
		939BB8132A2A24CD00F7026B /* String_Test.cpp in Sources */ = {isa = PBXBuildFile; fileRef = 939BB7FF2A2A24CD00F7026B /* String_Test.cpp */; };
		939BB8142A2A24CD00F7026B /* Unicode_Test.cpp in Sources */ = {isa = PBXBuildFile; fileRef = 939BB8002A2A24CD00F7026B /* Unicode_Test.cpp */; };
		939BB8152A2A24CD00F7026B /* InPlace_test.cpp in Sources */ = {isa = PBXBuildFile; fileRef = 939BB8012A2A24CD00F7026B /* InPlace_test.cpp */; };
		939BB8162A2A24CD00F7026B /* CallableTraits_test.cpp in Sources */ = {isa = PBXBuildFile; fileRef = 939BB8022A2A24CD00F7026B /* CallableTraits_test.cpp */; };
		939BB8172A2A24CD00F7026B /* Matrix_Test.cpp in Sources */ = {isa = PBXBuildFile; fileRef = 939BB8032A2A24CD00F7026B /* Matrix_Test.cpp */; };
		939BB8182A2A24CD00F7026B /* Concepts_Test.cpp in Sources */ = {isa = PBXBuildFile; fileRef = 939BB8042A2A24CD00F7026B /* Concepts_Test.cpp */; };
		939BB8192A2A24CD00F7026B /* TestClasses.cpp in Sources */ = {isa = PBXBuildFile; fileRef = 939BB8052A2A24CD00F7026B /* TestClasses.cpp */; };
		939BB81A2A2A24CD00F7026B /* TypeInfo_test.cpp in Sources */ = {isa = PBXBuildFile; fileRef = 939BB8062A2A24CD00F7026B /* TypeInfo_test.cpp */; };
		939BB81B2A2A24CD00F7026B /* Vec_Test.cpp in Sources */ = {isa = PBXBuildFile; fileRef = 939BB8072A2A24CD00F7026B /* Vec_Test.cpp */; };
		939BB81C2A2A24CD00F7026B /* Collections_Test.cpp in Sources */ = {isa = PBXBuildFile; fileRef = 939BB8092A2A24CD00F7026B /* Collections_Test.cpp */; };
		939BB81D2A2A24CD00F7026B /* Any_Test.cpp in Sources */ = {isa = PBXBuildFile; fileRef = 939BB80B2A2A24CD00F7026B /* Any_Test.cpp */; };
		939BB81E2A2A24CD00F7026B /* main.cpp in Sources */ = {isa = PBXBuildFile; fileRef = 939BB80C2A2A24CD00F7026B /* main.cpp */; };
		939BB81F2A2A24CD00F7026B /* Serialize_test.cpp in Sources */ = {isa = PBXBuildFile; fileRef = 939BB80D2A2A24CD00F7026B /* Serialize_test.cpp */; };
/* End PBXBuildFile section */

/* Begin PBXContainerItemProxy section */
		934FBD742A29B66600343BDC /* PBXContainerItemProxy */ = {
			isa = PBXContainerItemProxy;
			containerPortal = 931D662A2A285B3300C87D43 /* Project object */;
			proxyType = 1;
			remoteGlobalIDString = 931D66312A285B3300C87D43;
			remoteInfo = StdExt;
		};
/* End PBXContainerItemProxy section */

/* Begin PBXCopyFilesBuildPhase section */
		931D67722A2978F600C87D43 /* CopyFiles */ = {
			isa = PBXCopyFilesBuildPhase;
			buildActionMask = 8;
			dstPath = "";
			dstSubfolderSpec = 16;
			files = (
			);
			runOnlyForDeploymentPostprocessing = 1;
		};
		934FBCF02A29B13100343BDC /* CopyFiles */ = {
			isa = PBXCopyFilesBuildPhase;
			buildActionMask = 2147483647;
			dstPath = /usr/share/man/man1/;
			dstSubfolderSpec = 0;
			files = (
			);
			runOnlyForDeploymentPostprocessing = 1;
		};
/* End PBXCopyFilesBuildPhase section */

/* Begin PBXFileReference section */
		931D66322A285B3300C87D43 /* libStdExt.a */ = {isa = PBXFileReference; explicitFileType = archive.ar; includeInIndex = 0; path = libStdExt.a; sourceTree = BUILT_PRODUCTS_DIR; };
		934FBCF22A29B13100343BDC /* test */ = {isa = PBXFileReference; explicitFileType = "compiled.mach-o.executable"; includeInIndex = 0; path = test; sourceTree = BUILT_PRODUCTS_DIR; };
		934FBD722A29B4DB00343BDC /* libiconv.2.4.0.tbd */ = {isa = PBXFileReference; lastKnownFileType = "sourcecode.text-based-dylib-definition"; name = libiconv.2.4.0.tbd; path = usr/lib/libiconv.2.4.0.tbd; sourceTree = SDKROOT; };
		939BB7B72A2A243F00F7026B /* StdExt */ = {isa = PBXFileReference; lastKnownFileType = folder; name = StdExt; path = ../include/StdExt; sourceTree = SOURCE_ROOT; };
		939BB7BA2A2A24AB00F7026B /* Vec.cpp */ = {isa = PBXFileReference; fileEncoding = 4; lastKnownFileType = sourcecode.cpp.cpp; path = Vec.cpp; sourceTree = "<group>"; };
		939BB7BB2A2A24AB00F7026B /* UID.cpp */ = {isa = PBXFileReference; fileEncoding = 4; lastKnownFileType = sourcecode.cpp.cpp; path = UID.cpp; sourceTree = "<group>"; };
		939BB7BD2A2A24AB00F7026B /* BufferedStream.cpp */ = {isa = PBXFileReference; fileEncoding = 4; lastKnownFileType = sourcecode.cpp.cpp; path = BufferedStream.cpp; sourceTree = "<group>"; };
		939BB7BE2A2A24AB00F7026B /* TestByteStream.cpp */ = {isa = PBXFileReference; fileEncoding = 4; lastKnownFileType = sourcecode.cpp.cpp; path = TestByteStream.cpp; sourceTree = "<group>"; };
		939BB7BF2A2A24AB00F7026B /* MemoryStream.cpp */ = {isa = PBXFileReference; fileEncoding = 4; lastKnownFileType = sourcecode.cpp.cpp; path = MemoryStream.cpp; sourceTree = "<group>"; };
		939BB7C02A2A24AB00F7026B /* FileStream.cpp */ = {isa = PBXFileReference; fileEncoding = 4; lastKnownFileType = sourcecode.cpp.cpp; path = FileStream.cpp; sourceTree = "<group>"; };
		939BB7C12A2A24AB00F7026B /* ByteStream.cpp */ = {isa = PBXFileReference; fileEncoding = 4; lastKnownFileType = sourcecode.cpp.cpp; path = ByteStream.cpp; sourceTree = "<group>"; };
		939BB7C22A2A24AB00F7026B /* String.cpp */ = {isa = PBXFileReference; fileEncoding = 4; lastKnownFileType = sourcecode.cpp.cpp; path = String.cpp; sourceTree = "<group>"; };
		939BB7C42A2A24AB00F7026B /* Exceptions.cpp */ = {isa = PBXFileReference; fileEncoding = 4; lastKnownFileType = sourcecode.cpp.cpp; path = Exceptions.cpp; sourceTree = "<group>"; };
		939BB7C62A2A24AB00F7026B /* ElementInternal.h */ = {isa = PBXFileReference; fileEncoding = 4; lastKnownFileType = sourcecode.c.h; path = ElementInternal.h; sourceTree = "<group>"; };
		939BB7C72A2A24AB00F7026B /* XML.cpp */ = {isa = PBXFileReference; fileEncoding = 4; lastKnownFileType = sourcecode.cpp.cpp; path = XML.cpp; sourceTree = "<group>"; };
		939BB7C82A2A24AB00F7026B /* Element.cpp */ = {isa = PBXFileReference; fileEncoding = 4; lastKnownFileType = sourcecode.cpp.cpp; path = Element.cpp; sourceTree = "<group>"; };
		939BB7C92A2A24AB00F7026B /* ElementInternal.cpp */ = {isa = PBXFileReference; fileEncoding = 4; lastKnownFileType = sourcecode.cpp.cpp; path = ElementInternal.cpp; sourceTree = "<group>"; };
		939BB7CB2A2A24AB00F7026B /* tinyxml2.cpp */ = {isa = PBXFileReference; fileEncoding = 4; lastKnownFileType = sourcecode.cpp.cpp; path = tinyxml2.cpp; sourceTree = "<group>"; };
		939BB7CC2A2A24AB00F7026B /* tinyxml2.h */ = {isa = PBXFileReference; fileEncoding = 4; lastKnownFileType = sourcecode.c.h; path = tinyxml2.h; sourceTree = "<group>"; };
		939BB7CE2A2A24AB00F7026B /* Binary.cpp */ = {isa = PBXFileReference; fileEncoding = 4; lastKnownFileType = sourcecode.cpp.cpp; path = Binary.cpp; sourceTree = "<group>"; };
		939BB7D02A2A24AB00F7026B /* Text.cpp */ = {isa = PBXFileReference; fileEncoding = 4; lastKnownFileType = sourcecode.cpp.cpp; path = Text.cpp; sourceTree = "<group>"; };
		939BB7D12A2A24AB00F7026B /* Buffer.cpp */ = {isa = PBXFileReference; fileEncoding = 4; lastKnownFileType = sourcecode.cpp.cpp; path = Buffer.cpp; sourceTree = "<group>"; };
		939BB7D32A2A24AB00F7026B /* Condition.cpp */ = {isa = PBXFileReference; fileEncoding = 4; lastKnownFileType = sourcecode.cpp.cpp; path = Condition.cpp; sourceTree = "<group>"; };
		939BB7D42A2A24AB00F7026B /* Mutex.cpp */ = {isa = PBXFileReference; fileEncoding = 4; lastKnownFileType = sourcecode.cpp.cpp; path = Mutex.cpp; sourceTree = "<group>"; };
		939BB7D52A2A24AB00F7026B /* FunctionTask.cpp */ = {isa = PBXFileReference; fileEncoding = 4; lastKnownFileType = sourcecode.cpp.cpp; path = FunctionTask.cpp; sourceTree = "<group>"; };
		939BB7D62A2A24AB00F7026B /* Wait.cpp */ = {isa = PBXFileReference; fileEncoding = 4; lastKnownFileType = sourcecode.cpp.cpp; path = Wait.cpp; sourceTree = "<group>"; };
		939BB7D72A2A24AB00F7026B /* TaskLoop.cpp */ = {isa = PBXFileReference; fileEncoding = 4; lastKnownFileType = sourcecode.cpp.cpp; path = TaskLoop.cpp; sourceTree = "<group>"; };
		939BB7D82A2A24AB00F7026B /* Timer.cpp */ = {isa = PBXFileReference; fileEncoding = 4; lastKnownFileType = sourcecode.cpp.cpp; path = Timer.cpp; sourceTree = "<group>"; };
		939BB7D92A2A24AB00F7026B /* RWLock.cpp */ = {isa = PBXFileReference; fileEncoding = 4; lastKnownFileType = sourcecode.cpp.cpp; path = RWLock.cpp; sourceTree = "<group>"; };
		939BB7DA2A2A24AB00F7026B /* Task.cpp */ = {isa = PBXFileReference; fileEncoding = 4; lastKnownFileType = sourcecode.cpp.cpp; path = Task.cpp; sourceTree = "<group>"; };
		939BB7DB2A2A24AB00F7026B /* Matrix.cpp */ = {isa = PBXFileReference; fileEncoding = 4; lastKnownFileType = sourcecode.cpp.cpp; path = Matrix.cpp; sourceTree = "<group>"; };
		939BB7DC2A2A24AB00F7026B /* Number.cpp */ = {isa = PBXFileReference; fileEncoding = 4; lastKnownFileType = sourcecode.cpp.cpp; path = Number.cpp; sourceTree = "<group>"; };
		939BB7FA2A2A24CD00F7026B /* Utility_test.cpp */ = {isa = PBXFileReference; fileEncoding = 4; lastKnownFileType = sourcecode.cpp.cpp; path = Utility_test.cpp; sourceTree = "<group>"; };
		939BB7FB2A2A24CD00F7026B /* Number_Test.cpp */ = {isa = PBXFileReference; fileEncoding = 4; lastKnownFileType = sourcecode.cpp.cpp; path = Number_Test.cpp; sourceTree = "<group>"; };
		939BB7FC2A2A24CD00F7026B /* Concurrent_Test.cpp */ = {isa = PBXFileReference; fileEncoding = 4; lastKnownFileType = sourcecode.cpp.cpp; path = Concurrent_Test.cpp; sourceTree = "<group>"; };
		939BB7FD2A2A24CD00F7026B /* Signal_Test.cpp */ = {isa = PBXFileReference; fileEncoding = 4; lastKnownFileType = sourcecode.cpp.cpp; path = Signal_Test.cpp; sourceTree = "<group>"; };
		939BB7FE2A2A24CD00F7026B /* Memory_test.cpp */ = {isa = PBXFileReference; fileEncoding = 4; lastKnownFileType = sourcecode.cpp.cpp; path = Memory_test.cpp; sourceTree = "<group>"; };
		939BB7FF2A2A24CD00F7026B /* String_Test.cpp */ = {isa = PBXFileReference; fileEncoding = 4; lastKnownFileType = sourcecode.cpp.cpp; path = String_Test.cpp; sourceTree = "<group>"; };
		939BB8002A2A24CD00F7026B /* Unicode_Test.cpp */ = {isa = PBXFileReference; fileEncoding = 4; lastKnownFileType = sourcecode.cpp.cpp; path = Unicode_Test.cpp; sourceTree = "<group>"; };
		939BB8012A2A24CD00F7026B /* InPlace_test.cpp */ = {isa = PBXFileReference; fileEncoding = 4; lastKnownFileType = sourcecode.cpp.cpp; path = InPlace_test.cpp; sourceTree = "<group>"; };
		939BB8022A2A24CD00F7026B /* CallableTraits_test.cpp */ = {isa = PBXFileReference; fileEncoding = 4; lastKnownFileType = sourcecode.cpp.cpp; path = CallableTraits_test.cpp; sourceTree = "<group>"; };
		939BB8032A2A24CD00F7026B /* Matrix_Test.cpp */ = {isa = PBXFileReference; fileEncoding = 4; lastKnownFileType = sourcecode.cpp.cpp; path = Matrix_Test.cpp; sourceTree = "<group>"; };
		939BB8042A2A24CD00F7026B /* Concepts_Test.cpp */ = {isa = PBXFileReference; fileEncoding = 4; lastKnownFileType = sourcecode.cpp.cpp; path = Concepts_Test.cpp; sourceTree = "<group>"; };
		939BB8052A2A24CD00F7026B /* TestClasses.cpp */ = {isa = PBXFileReference; fileEncoding = 4; lastKnownFileType = sourcecode.cpp.cpp; path = TestClasses.cpp; sourceTree = "<group>"; };
		939BB8062A2A24CD00F7026B /* TypeInfo_test.cpp */ = {isa = PBXFileReference; fileEncoding = 4; lastKnownFileType = sourcecode.cpp.cpp; path = TypeInfo_test.cpp; sourceTree = "<group>"; };
		939BB8072A2A24CD00F7026B /* Vec_Test.cpp */ = {isa = PBXFileReference; fileEncoding = 4; lastKnownFileType = sourcecode.cpp.cpp; path = Vec_Test.cpp; sourceTree = "<group>"; };
		939BB8082A2A24CD00F7026B /* TestClasses.h */ = {isa = PBXFileReference; fileEncoding = 4; lastKnownFileType = sourcecode.c.h; path = TestClasses.h; sourceTree = "<group>"; };
		939BB8092A2A24CD00F7026B /* Collections_Test.cpp */ = {isa = PBXFileReference; fileEncoding = 4; lastKnownFileType = sourcecode.cpp.cpp; path = Collections_Test.cpp; sourceTree = "<group>"; };
		939BB80A2A2A24CD00F7026B /* SerializeTesting.h */ = {isa = PBXFileReference; fileEncoding = 4; lastKnownFileType = sourcecode.c.h; path = SerializeTesting.h; sourceTree = "<group>"; };
		939BB80B2A2A24CD00F7026B /* Any_Test.cpp */ = {isa = PBXFileReference; fileEncoding = 4; lastKnownFileType = sourcecode.cpp.cpp; path = Any_Test.cpp; sourceTree = "<group>"; };
		939BB80C2A2A24CD00F7026B /* main.cpp */ = {isa = PBXFileReference; fileEncoding = 4; lastKnownFileType = sourcecode.cpp.cpp; path = main.cpp; sourceTree = "<group>"; };
		939BB80D2A2A24CD00F7026B /* Serialize_test.cpp */ = {isa = PBXFileReference; fileEncoding = 4; lastKnownFileType = sourcecode.cpp.cpp; path = Serialize_test.cpp; sourceTree = "<group>"; };
/* End PBXFileReference section */

/* Begin PBXFrameworksBuildPhase section */
		931D66302A285B3300C87D43 /* Frameworks */ = {
			isa = PBXFrameworksBuildPhase;
			buildActionMask = 2147483647;
			files = (
			);
			runOnlyForDeploymentPostprocessing = 0;
		};
		934FBCEF2A29B13100343BDC /* Frameworks */ = {
			isa = PBXFrameworksBuildPhase;
			buildActionMask = 2147483647;
			files = (
				934FBD732A29B4DB00343BDC /* libiconv.2.4.0.tbd in Frameworks */,
				934FBD712A29B49300343BDC /* libStdExt.a in Frameworks */,
			);
			runOnlyForDeploymentPostprocessing = 0;
		};
/* End PBXFrameworksBuildPhase section */

/* Begin PBXGroup section */
		931D66292A285B3300C87D43 = {
			isa = PBXGroup;
			children = (
				939BB7B72A2A243F00F7026B /* StdExt */,
				934FBD702A29B49300343BDC /* Frameworks */,
				931D66332A285B3300C87D43 /* Products */,
				939BB7B92A2A24AB00F7026B /* src */,
				939BB7F92A2A24CD00F7026B /* test */,
			);
			sourceTree = "<group>";
		};
		931D66332A285B3300C87D43 /* Products */ = {
			isa = PBXGroup;
			children = (
				931D66322A285B3300C87D43 /* libStdExt.a */,
				934FBCF22A29B13100343BDC /* test */,
			);
			name = Products;
			sourceTree = "<group>";
		};
		934FBD702A29B49300343BDC /* Frameworks */ = {
			isa = PBXGroup;
			children = (
				934FBD722A29B4DB00343BDC /* libiconv.2.4.0.tbd */,
			);
			name = Frameworks;
			sourceTree = "<group>";
		};
		939BB7B92A2A24AB00F7026B /* src */ = {
			isa = PBXGroup;
			children = (
				939BB7D12A2A24AB00F7026B /* Buffer.cpp */,
				939BB7DB2A2A24AB00F7026B /* Matrix.cpp */,
				939BB7DC2A2A24AB00F7026B /* Number.cpp */,
				939BB7C22A2A24AB00F7026B /* String.cpp */,
				939BB7BB2A2A24AB00F7026B /* UID.cpp */,
				939BB7BA2A2A24AB00F7026B /* Vec.cpp */,
				939BB7D22A2A24AB00F7026B /* Concurrent */,
				939BB7C32A2A24AB00F7026B /* Serialize */,
				939BB7BC2A2A24AB00F7026B /* Streams */,
			);
			name = src;
			path = ../src;
			sourceTree = "<group>";
		};
		939BB7BC2A2A24AB00F7026B /* Streams */ = {
			isa = PBXGroup;
			children = (
				939BB7BD2A2A24AB00F7026B /* BufferedStream.cpp */,
				939BB7BE2A2A24AB00F7026B /* TestByteStream.cpp */,
				939BB7BF2A2A24AB00F7026B /* MemoryStream.cpp */,
				939BB7C02A2A24AB00F7026B /* FileStream.cpp */,
				939BB7C12A2A24AB00F7026B /* ByteStream.cpp */,
			);
			path = Streams;
			sourceTree = "<group>";
		};
		939BB7C32A2A24AB00F7026B /* Serialize */ = {
			isa = PBXGroup;
			children = (
				939BB7C42A2A24AB00F7026B /* Exceptions.cpp */,
				939BB7C52A2A24AB00F7026B /* XML */,
				939BB7CA2A2A24AB00F7026B /* TinyXml2 */,
				939BB7CD2A2A24AB00F7026B /* Binary */,
				939BB7CF2A2A24AB00F7026B /* Text */,
			);
			path = Serialize;
			sourceTree = "<group>";
		};
		939BB7C52A2A24AB00F7026B /* XML */ = {
			isa = PBXGroup;
			children = (
				939BB7C62A2A24AB00F7026B /* ElementInternal.h */,
				939BB7C72A2A24AB00F7026B /* XML.cpp */,
				939BB7C82A2A24AB00F7026B /* Element.cpp */,
				939BB7C92A2A24AB00F7026B /* ElementInternal.cpp */,
			);
			path = XML;
			sourceTree = "<group>";
		};
		939BB7CA2A2A24AB00F7026B /* TinyXml2 */ = {
			isa = PBXGroup;
			children = (
				939BB7CB2A2A24AB00F7026B /* tinyxml2.cpp */,
				939BB7CC2A2A24AB00F7026B /* tinyxml2.h */,
			);
			path = TinyXml2;
			sourceTree = "<group>";
		};
		939BB7CD2A2A24AB00F7026B /* Binary */ = {
			isa = PBXGroup;
			children = (
				939BB7CE2A2A24AB00F7026B /* Binary.cpp */,
			);
			path = Binary;
			sourceTree = "<group>";
		};
		939BB7CF2A2A24AB00F7026B /* Text */ = {
			isa = PBXGroup;
			children = (
				939BB7D02A2A24AB00F7026B /* Text.cpp */,
			);
			path = Text;
			sourceTree = "<group>";
		};
		939BB7D22A2A24AB00F7026B /* Concurrent */ = {
			isa = PBXGroup;
			children = (
				939BB7D32A2A24AB00F7026B /* Condition.cpp */,
				939BB7D42A2A24AB00F7026B /* Mutex.cpp */,
				939BB7D52A2A24AB00F7026B /* FunctionTask.cpp */,
				939BB7D62A2A24AB00F7026B /* Wait.cpp */,
				939BB7D72A2A24AB00F7026B /* TaskLoop.cpp */,
				939BB7D82A2A24AB00F7026B /* Timer.cpp */,
				939BB7D92A2A24AB00F7026B /* RWLock.cpp */,
				939BB7DA2A2A24AB00F7026B /* Task.cpp */,
			);
			path = Concurrent;
			sourceTree = "<group>";
		};
		939BB7F92A2A24CD00F7026B /* test */ = {
			isa = PBXGroup;
			children = (
				939BB7FA2A2A24CD00F7026B /* Utility_test.cpp */,
				939BB7FB2A2A24CD00F7026B /* Number_Test.cpp */,
				939BB7FC2A2A24CD00F7026B /* Concurrent_Test.cpp */,
				939BB7FD2A2A24CD00F7026B /* Signal_Test.cpp */,
				939BB7FE2A2A24CD00F7026B /* Memory_test.cpp */,
				939BB7FF2A2A24CD00F7026B /* String_Test.cpp */,
				939BB8002A2A24CD00F7026B /* Unicode_Test.cpp */,
				939BB8012A2A24CD00F7026B /* InPlace_test.cpp */,
				939BB8022A2A24CD00F7026B /* CallableTraits_test.cpp */,
				939BB8032A2A24CD00F7026B /* Matrix_Test.cpp */,
				939BB8042A2A24CD00F7026B /* Concepts_Test.cpp */,
				939BB8052A2A24CD00F7026B /* TestClasses.cpp */,
				939BB8062A2A24CD00F7026B /* TypeInfo_test.cpp */,
				939BB8072A2A24CD00F7026B /* Vec_Test.cpp */,
				939BB8082A2A24CD00F7026B /* TestClasses.h */,
				939BB8092A2A24CD00F7026B /* Collections_Test.cpp */,
				939BB80A2A2A24CD00F7026B /* SerializeTesting.h */,
				939BB80B2A2A24CD00F7026B /* Any_Test.cpp */,
				939BB80C2A2A24CD00F7026B /* main.cpp */,
				939BB80D2A2A24CD00F7026B /* Serialize_test.cpp */,
			);
			name = test;
			path = ../test;
			sourceTree = "<group>";
		};
/* End PBXGroup section */

/* Begin PBXHeadersBuildPhase section */
		931D662E2A285B3300C87D43 /* Headers */ = {
			isa = PBXHeadersBuildPhase;
			buildActionMask = 2147483647;
			files = (
				939BB7B82A2A245D00F7026B /* StdExt in Headers */,
			);
			runOnlyForDeploymentPostprocessing = 0;
		};
/* End PBXHeadersBuildPhase section */

/* Begin PBXNativeTarget section */
		931D66312A285B3300C87D43 /* StdExt */ = {
			isa = PBXNativeTarget;
			buildConfigurationList = 931D663D2A285B3300C87D43 /* Build configuration list for PBXNativeTarget "StdExt" */;
			buildPhases = (
				931D662E2A285B3300C87D43 /* Headers */,
				931D662F2A285B3300C87D43 /* Sources */,
				931D66302A285B3300C87D43 /* Frameworks */,
				931D67722A2978F600C87D43 /* CopyFiles */,
			);
			buildRules = (
			);
			dependencies = (
			);
			name = StdExt;
			productName = StdExt;
			productReference = 931D66322A285B3300C87D43 /* libStdExt.a */;
			productType = "com.apple.product-type.library.static";
		};
		934FBCF12A29B13100343BDC /* test */ = {
			isa = PBXNativeTarget;
			buildConfigurationList = 934FBCF62A29B13100343BDC /* Build configuration list for PBXNativeTarget "test" */;
			buildPhases = (
				934FBCEE2A29B13100343BDC /* Sources */,
				934FBCEF2A29B13100343BDC /* Frameworks */,
				934FBCF02A29B13100343BDC /* CopyFiles */,
			);
			buildRules = (
			);
			dependencies = (
				934FBD752A29B66600343BDC /* PBXTargetDependency */,
			);
			name = test;
			productName = test;
			productReference = 934FBCF22A29B13100343BDC /* test */;
			productType = "com.apple.product-type.tool";
		};
/* End PBXNativeTarget section */

/* Begin PBXProject section */
		931D662A2A285B3300C87D43 /* Project object */ = {
			isa = PBXProject;
			attributes = {
				BuildIndependentTargetsInParallel = 1;
				LastUpgradeCheck = 1430;
				TargetAttributes = {
					931D66312A285B3300C87D43 = {
						CreatedOnToolsVersion = 14.3;
					};
					934FBCF12A29B13100343BDC = {
						CreatedOnToolsVersion = 14.3;
					};
				};
			};
			buildConfigurationList = 931D662D2A285B3300C87D43 /* Build configuration list for PBXProject "StdExt" */;
			compatibilityVersion = "Xcode 14.0";
			developmentRegion = en;
			hasScannedForEncodings = 0;
			knownRegions = (
				en,
				Base,
			);
			mainGroup = 931D66292A285B3300C87D43;
			productRefGroup = 931D66332A285B3300C87D43 /* Products */;
			projectDirPath = "";
			projectRoot = "";
			targets = (
				931D66312A285B3300C87D43 /* StdExt */,
				934FBCF12A29B13100343BDC /* test */,
			);
		};
/* End PBXProject section */

/* Begin PBXSourcesBuildPhase section */
		931D662F2A285B3300C87D43 /* Sources */ = {
			isa = PBXSourcesBuildPhase;
			buildActionMask = 2147483647;
			files = (
				939BB7E82A2A24AB00F7026B /* Element.cpp in Sources */,
				939BB7F32A2A24AB00F7026B /* TaskLoop.cpp in Sources */,
				939BB7DF2A2A24AB00F7026B /* BufferedStream.cpp in Sources */,
				939BB7F52A2A24AB00F7026B /* RWLock.cpp in Sources */,
				939BB7F72A2A24AB00F7026B /* Matrix.cpp in Sources */,
				939BB7EC2A2A24AB00F7026B /* Binary.cpp in Sources */,
				939BB7E22A2A24AB00F7026B /* FileStream.cpp in Sources */,
				939BB7F42A2A24AB00F7026B /* Timer.cpp in Sources */,
				939BB7E42A2A24AB00F7026B /* String.cpp in Sources */,
				939BB7EE2A2A24AB00F7026B /* Buffer.cpp in Sources */,
				939BB7F12A2A24AB00F7026B /* FunctionTask.cpp in Sources */,
				939BB7E72A2A24AB00F7026B /* XML.cpp in Sources */,
				939BB7DE2A2A24AB00F7026B /* UID.cpp in Sources */,
				939BB7F62A2A24AB00F7026B /* Task.cpp in Sources */,
				939BB7E32A2A24AB00F7026B /* ByteStream.cpp in Sources */,
				939BB7F02A2A24AB00F7026B /* Mutex.cpp in Sources */,
				939BB7E92A2A24AB00F7026B /* ElementInternal.cpp in Sources */,
				939BB7ED2A2A24AB00F7026B /* Text.cpp in Sources */,
				939BB7E52A2A24AB00F7026B /* Exceptions.cpp in Sources */,
				939BB7F22A2A24AB00F7026B /* Wait.cpp in Sources */,
				939BB7EA2A2A24AB00F7026B /* tinyxml2.cpp in Sources */,
				939BB7DD2A2A24AB00F7026B /* Vec.cpp in Sources */,
				939BB7EF2A2A24AB00F7026B /* Condition.cpp in Sources */,
				939BB7E02A2A24AB00F7026B /* TestByteStream.cpp in Sources */,
				939BB7F82A2A24AB00F7026B /* Number.cpp in Sources */,
				939BB7E12A2A24AB00F7026B /* MemoryStream.cpp in Sources */,
			);
			runOnlyForDeploymentPostprocessing = 0;
		};
		934FBCEE2A29B13100343BDC /* Sources */ = {
			isa = PBXSourcesBuildPhase;
			buildActionMask = 2147483647;
			files = (
				939BB8122A2A24CD00F7026B /* Memory_test.cpp in Sources */,
				939BB8162A2A24CD00F7026B /* CallableTraits_test.cpp in Sources */,
				939BB8182A2A24CD00F7026B /* Concepts_Test.cpp in Sources */,
				939BB80F2A2A24CD00F7026B /* Number_Test.cpp in Sources */,
				939BB81D2A2A24CD00F7026B /* Any_Test.cpp in Sources */,
				939BB81E2A2A24CD00F7026B /* main.cpp in Sources */,
				939BB8132A2A24CD00F7026B /* String_Test.cpp in Sources */,
				939BB8112A2A24CD00F7026B /* Signal_Test.cpp in Sources */,
				939BB81C2A2A24CD00F7026B /* Collections_Test.cpp in Sources */,
				939BB81A2A2A24CD00F7026B /* TypeInfo_test.cpp in Sources */,
				939BB81F2A2A24CD00F7026B /* Serialize_test.cpp in Sources */,
				939BB8152A2A24CD00F7026B /* InPlace_test.cpp in Sources */,
				939BB81B2A2A24CD00F7026B /* Vec_Test.cpp in Sources */,
				939BB8142A2A24CD00F7026B /* Unicode_Test.cpp in Sources */,
				939BB8102A2A24CD00F7026B /* Concurrent_Test.cpp in Sources */,
				939BB8172A2A24CD00F7026B /* Matrix_Test.cpp in Sources */,
				939BB8192A2A24CD00F7026B /* TestClasses.cpp in Sources */,
				939BB80E2A2A24CD00F7026B /* Utility_test.cpp in Sources */,
			);
			runOnlyForDeploymentPostprocessing = 0;
		};
/* End PBXSourcesBuildPhase section */

/* Begin PBXTargetDependency section */
		934FBD752A29B66600343BDC /* PBXTargetDependency */ = {
			isa = PBXTargetDependency;
			target = 931D66312A285B3300C87D43 /* StdExt */;
			targetProxy = 934FBD742A29B66600343BDC /* PBXContainerItemProxy */;
		};
/* End PBXTargetDependency section */

/* Begin XCBuildConfiguration section */
		931D663B2A285B3300C87D43 /* Debug */ = {
			isa = XCBuildConfiguration;
			buildSettings = {
				CLANG_ANALYZER_NONNULL = YES;
				CLANG_ANALYZER_NUMBER_OBJECT_CONVERSION = YES_AGGRESSIVE;
				CLANG_CXX_LANGUAGE_STANDARD = "c++20";
				CLANG_ENABLE_MODULES = YES;
				CLANG_ENABLE_OBJC_ARC = YES;
				CLANG_ENABLE_OBJC_WEAK = YES;
				CLANG_WARN_BLOCK_CAPTURE_AUTORELEASING = YES;
				CLANG_WARN_BOOL_CONVERSION = YES;
				CLANG_WARN_COMMA = YES;
				CLANG_WARN_CONSTANT_CONVERSION = YES;
				CLANG_WARN_DEPRECATED_OBJC_IMPLEMENTATIONS = YES;
				CLANG_WARN_DIRECT_OBJC_ISA_USAGE = YES_ERROR;
				CLANG_WARN_DOCUMENTATION_COMMENTS = YES;
				CLANG_WARN_EMPTY_BODY = YES;
				CLANG_WARN_ENUM_CONVERSION = YES;
				CLANG_WARN_INFINITE_RECURSION = YES;
				CLANG_WARN_INT_CONVERSION = YES;
				CLANG_WARN_NON_LITERAL_NULL_CONVERSION = YES;
				CLANG_WARN_OBJC_IMPLICIT_RETAIN_SELF = YES;
				CLANG_WARN_OBJC_LITERAL_CONVERSION = YES;
				CLANG_WARN_OBJC_ROOT_CLASS = YES_ERROR;
				CLANG_WARN_QUOTED_INCLUDE_IN_FRAMEWORK_HEADER = YES;
				CLANG_WARN_RANGE_LOOP_ANALYSIS = YES;
				CLANG_WARN_STRICT_PROTOTYPES = YES;
				CLANG_WARN_SUSPICIOUS_MOVE = YES;
				CLANG_WARN_UNGUARDED_AVAILABILITY = YES_AGGRESSIVE;
				CLANG_WARN_UNREACHABLE_CODE = YES;
				CLANG_WARN__DUPLICATE_METHOD_MATCH = YES;
				COPY_PHASE_STRIP = NO;
				DEBUG_INFORMATION_FORMAT = dwarf;
				ENABLE_STRICT_OBJC_MSGSEND = YES;
				ENABLE_TESTABILITY = YES;
				GCC_C_LANGUAGE_STANDARD = gnu11;
				GCC_DYNAMIC_NO_PIC = NO;
				GCC_NO_COMMON_BLOCKS = YES;
				GCC_OPTIMIZATION_LEVEL = 0;
				GCC_PREPROCESSOR_DEFINITIONS = (
					"DEBUG=1",
					"$(inherited)",
				);
				GCC_WARN_64_TO_32_BIT_CONVERSION = YES;
				GCC_WARN_ABOUT_RETURN_TYPE = YES_ERROR;
				GCC_WARN_UNDECLARED_SELECTOR = YES;
				GCC_WARN_UNINITIALIZED_AUTOS = YES_AGGRESSIVE;
				GCC_WARN_UNUSED_FUNCTION = NO;
				HEADER_SEARCH_PATHS = ../include;
				MACOSX_DEPLOYMENT_TARGET = 13.3;
				MTL_ENABLE_DEBUG_INFO = INCLUDE_SOURCE;
				MTL_FAST_MATH = YES;
				ONLY_ACTIVE_ARCH = YES;
				SDKROOT = macosx;
			};
			name = Debug;
		};
		931D663C2A285B3300C87D43 /* Release */ = {
			isa = XCBuildConfiguration;
			buildSettings = {
				CLANG_ANALYZER_NONNULL = YES;
				CLANG_ANALYZER_NUMBER_OBJECT_CONVERSION = YES_AGGRESSIVE;
				CLANG_CXX_LANGUAGE_STANDARD = "c++20";
				CLANG_ENABLE_MODULES = YES;
				CLANG_ENABLE_OBJC_ARC = YES;
				CLANG_ENABLE_OBJC_WEAK = YES;
				CLANG_WARN_BLOCK_CAPTURE_AUTORELEASING = YES;
				CLANG_WARN_BOOL_CONVERSION = YES;
				CLANG_WARN_COMMA = YES;
				CLANG_WARN_CONSTANT_CONVERSION = YES;
				CLANG_WARN_DEPRECATED_OBJC_IMPLEMENTATIONS = YES;
				CLANG_WARN_DIRECT_OBJC_ISA_USAGE = YES_ERROR;
				CLANG_WARN_DOCUMENTATION_COMMENTS = YES;
				CLANG_WARN_EMPTY_BODY = YES;
				CLANG_WARN_ENUM_CONVERSION = YES;
				CLANG_WARN_INFINITE_RECURSION = YES;
				CLANG_WARN_INT_CONVERSION = YES;
				CLANG_WARN_NON_LITERAL_NULL_CONVERSION = YES;
				CLANG_WARN_OBJC_IMPLICIT_RETAIN_SELF = YES;
				CLANG_WARN_OBJC_LITERAL_CONVERSION = YES;
				CLANG_WARN_OBJC_ROOT_CLASS = YES_ERROR;
				CLANG_WARN_QUOTED_INCLUDE_IN_FRAMEWORK_HEADER = YES;
				CLANG_WARN_RANGE_LOOP_ANALYSIS = YES;
				CLANG_WARN_STRICT_PROTOTYPES = YES;
				CLANG_WARN_SUSPICIOUS_MOVE = YES;
				CLANG_WARN_UNGUARDED_AVAILABILITY = YES_AGGRESSIVE;
				CLANG_WARN_UNREACHABLE_CODE = YES;
				CLANG_WARN__DUPLICATE_METHOD_MATCH = YES;
				COPY_PHASE_STRIP = NO;
				DEBUG_INFORMATION_FORMAT = "";
				ENABLE_NS_ASSERTIONS = NO;
				ENABLE_STRICT_OBJC_MSGSEND = YES;
				GCC_C_LANGUAGE_STANDARD = gnu11;
				GCC_NO_COMMON_BLOCKS = YES;
				GCC_WARN_64_TO_32_BIT_CONVERSION = YES;
				GCC_WARN_ABOUT_RETURN_TYPE = YES_ERROR;
				GCC_WARN_UNDECLARED_SELECTOR = YES;
				GCC_WARN_UNINITIALIZED_AUTOS = YES_AGGRESSIVE;
				GCC_WARN_UNUSED_FUNCTION = NO;
				HEADER_SEARCH_PATHS = ../include;
				MACOSX_DEPLOYMENT_TARGET = 13.3;
				MTL_ENABLE_DEBUG_INFO = NO;
				MTL_FAST_MATH = YES;
				SDKROOT = macosx;
			};
			name = Release;
		};
		931D663E2A285B3300C87D43 /* Debug */ = {
			isa = XCBuildConfiguration;
			buildSettings = {
				CODE_SIGN_STYLE = Automatic;
				EXECUTABLE_PREFIX = lib;
				PRODUCT_NAME = "$(TARGET_NAME)";
				SKIP_INSTALL = YES;
			};
			name = Debug;
		};
		931D663F2A285B3300C87D43 /* Release */ = {
			isa = XCBuildConfiguration;
			buildSettings = {
				CODE_SIGN_STYLE = Automatic;
				EXECUTABLE_PREFIX = lib;
				PRODUCT_NAME = "$(TARGET_NAME)";
				SKIP_INSTALL = YES;
			};
			name = Release;
		};
		934FBCF72A29B13100343BDC /* Debug */ = {
			isa = XCBuildConfiguration;
			buildSettings = {
				CLANG_CXX_LANGUAGE_STANDARD = "gnu++20";
				CODE_SIGN_STYLE = Automatic;
				PRODUCT_NAME = "$(TARGET_NAME)";
			};
			name = Debug;
		};
		934FBCF82A29B13100343BDC /* Release */ = {
			isa = XCBuildConfiguration;
			buildSettings = {
				CLANG_CXX_LANGUAGE_STANDARD = "gnu++20";
				CODE_SIGN_STYLE = Automatic;
				PRODUCT_NAME = "$(TARGET_NAME)";
			};
			name = Release;
		};
/* End XCBuildConfiguration section */

/* Begin XCConfigurationList section */
		931D662D2A285B3300C87D43 /* Build configuration list for PBXProject "StdExt" */ = {
			isa = XCConfigurationList;
			buildConfigurations = (
				931D663B2A285B3300C87D43 /* Debug */,
				931D663C2A285B3300C87D43 /* Release */,
			);
			defaultConfigurationIsVisible = 0;
			defaultConfigurationName = Release;
		};
		931D663D2A285B3300C87D43 /* Build configuration list for PBXNativeTarget "StdExt" */ = {
			isa = XCConfigurationList;
			buildConfigurations = (
				931D663E2A285B3300C87D43 /* Debug */,
				931D663F2A285B3300C87D43 /* Release */,
			);
			defaultConfigurationIsVisible = 0;
			defaultConfigurationName = Release;
		};
		934FBCF62A29B13100343BDC /* Build configuration list for PBXNativeTarget "test" */ = {
			isa = XCConfigurationList;
			buildConfigurations = (
				934FBCF72A29B13100343BDC /* Debug */,
				934FBCF82A29B13100343BDC /* Release */,
			);
			defaultConfigurationIsVisible = 0;
			defaultConfigurationName = Release;
		};
/* End XCConfigurationList section */
	};
	rootObject = 931D662A2A285B3300C87D43 /* Project object */;
}
