// !$*UTF8*$!
{
	archiveVersion = 1;
	classes = {
	};
	objectVersion = 56;
	objects = {

/* Begin PBXBuildFile section */
		931D66722A285ED700C87D43 /* Number.cpp in Sources */ = {isa = PBXBuildFile; fileRef = 931D666C2A285ED700C87D43 /* Number.cpp */; };
		931D66732A285ED700C87D43 /* Buffer.cpp in Sources */ = {isa = PBXBuildFile; fileRef = 931D666D2A285ED700C87D43 /* Buffer.cpp */; };
		931D66742A285ED700C87D43 /* UID.cpp in Sources */ = {isa = PBXBuildFile; fileRef = 931D666E2A285ED700C87D43 /* UID.cpp */; };
		931D66752A285ED700C87D43 /* Matrix.cpp in Sources */ = {isa = PBXBuildFile; fileRef = 931D666F2A285ED700C87D43 /* Matrix.cpp */; };
		931D66762A285ED700C87D43 /* String.cpp in Sources */ = {isa = PBXBuildFile; fileRef = 931D66702A285ED700C87D43 /* String.cpp */; };
		931D66772A285ED700C87D43 /* Vec.cpp in Sources */ = {isa = PBXBuildFile; fileRef = 931D66712A285ED700C87D43 /* Vec.cpp */; };
		931D668D2A285F9D00C87D43 /* Task.cpp in Sources */ = {isa = PBXBuildFile; fileRef = 931D66852A285F9D00C87D43 /* Task.cpp */; };
		931D668E2A285F9D00C87D43 /* Condition.cpp in Sources */ = {isa = PBXBuildFile; fileRef = 931D66862A285F9D00C87D43 /* Condition.cpp */; };
		931D668F2A285F9D00C87D43 /* FunctionTask.cpp in Sources */ = {isa = PBXBuildFile; fileRef = 931D66872A285F9D00C87D43 /* FunctionTask.cpp */; };
		931D66902A285F9D00C87D43 /* RWLock.cpp in Sources */ = {isa = PBXBuildFile; fileRef = 931D66882A285F9D00C87D43 /* RWLock.cpp */; };
		931D66912A285F9D00C87D43 /* Wait.cpp in Sources */ = {isa = PBXBuildFile; fileRef = 931D66892A285F9D00C87D43 /* Wait.cpp */; };
		931D66922A285F9D00C87D43 /* TaskLoop.cpp in Sources */ = {isa = PBXBuildFile; fileRef = 931D668A2A285F9D00C87D43 /* TaskLoop.cpp */; };
		931D66932A285F9D00C87D43 /* Timer.cpp in Sources */ = {isa = PBXBuildFile; fileRef = 931D668B2A285F9D00C87D43 /* Timer.cpp */; };
		931D66942A285F9D00C87D43 /* Mutex.cpp in Sources */ = {isa = PBXBuildFile; fileRef = 931D668C2A285F9D00C87D43 /* Mutex.cpp */; };
		931D66972A28601900C87D43 /* Exceptions.cpp in Sources */ = {isa = PBXBuildFile; fileRef = 931D66962A28601900C87D43 /* Exceptions.cpp */; };
		931D669A2A28602F00C87D43 /* Binary.cpp in Sources */ = {isa = PBXBuildFile; fileRef = 931D66992A28602F00C87D43 /* Binary.cpp */; };
		931D669D2A28605D00C87D43 /* Text.cpp in Sources */ = {isa = PBXBuildFile; fileRef = 931D669C2A28605D00C87D43 /* Text.cpp */; };
		931D66A12A2860C800C87D43 /* Element.cpp in Sources */ = {isa = PBXBuildFile; fileRef = 931D669F2A2860C800C87D43 /* Element.cpp */; };
		931D66A22A2860C800C87D43 /* ElementInternal.cpp in Sources */ = {isa = PBXBuildFile; fileRef = 931D66A02A2860C800C87D43 /* ElementInternal.cpp */; };
		931D66A42A2860D000C87D43 /* XML.cpp in Sources */ = {isa = PBXBuildFile; fileRef = 931D66A32A2860D000C87D43 /* XML.cpp */; };
		931D66AB2A28611C00C87D43 /* tinyxml2.cpp in Sources */ = {isa = PBXBuildFile; fileRef = 931D66A92A28611C00C87D43 /* tinyxml2.cpp */; };
		931D66B22A2861C600C87D43 /* BufferedStream.cpp in Sources */ = {isa = PBXBuildFile; fileRef = 931D66AD2A2861C600C87D43 /* BufferedStream.cpp */; };
		931D66B32A2861C600C87D43 /* TestByteStream.cpp in Sources */ = {isa = PBXBuildFile; fileRef = 931D66AE2A2861C600C87D43 /* TestByteStream.cpp */; };
		931D66B42A2861C600C87D43 /* ByteStream.cpp in Sources */ = {isa = PBXBuildFile; fileRef = 931D66AF2A2861C600C87D43 /* ByteStream.cpp */; };
		931D66B52A2861C600C87D43 /* FileStream.cpp in Sources */ = {isa = PBXBuildFile; fileRef = 931D66B02A2861C600C87D43 /* FileStream.cpp */; };
		931D66B62A2861C600C87D43 /* MemoryStream.cpp in Sources */ = {isa = PBXBuildFile; fileRef = 931D66B12A2861C600C87D43 /* MemoryStream.cpp */; };
		931D67732A29790800C87D43 /* StdExt in CopyFiles */ = {isa = PBXBuildFile; fileRef = 931D676F2A2973BA00C87D43 /* StdExt */; };
		931D67742A2979F900C87D43 /* StdExt in Headers */ = {isa = PBXBuildFile; fileRef = 931D676F2A2973BA00C87D43 /* StdExt */; settings = {ATTRIBUTES = (Public, ); }; };
		934FBD5E2A29B34900343BDC /* main.cpp in Sources */ = {isa = PBXBuildFile; fileRef = 934FBD4A2A29B34900343BDC /* main.cpp */; };
		934FBD5F2A29B34900343BDC /* CallableTraits_test.cpp in Sources */ = {isa = PBXBuildFile; fileRef = 934FBD4B2A29B34900343BDC /* CallableTraits_test.cpp */; };
		934FBD602A29B34900343BDC /* Unicode_Test.cpp in Sources */ = {isa = PBXBuildFile; fileRef = 934FBD4C2A29B34900343BDC /* Unicode_Test.cpp */; };
		934FBD612A29B34900343BDC /* TypeInfo_test.cpp in Sources */ = {isa = PBXBuildFile; fileRef = 934FBD4D2A29B34900343BDC /* TypeInfo_test.cpp */; };
		934FBD622A29B34900343BDC /* Collections_Test.cpp in Sources */ = {isa = PBXBuildFile; fileRef = 934FBD4E2A29B34900343BDC /* Collections_Test.cpp */; };
		934FBD632A29B34900343BDC /* Serialize_test.cpp in Sources */ = {isa = PBXBuildFile; fileRef = 934FBD4F2A29B34900343BDC /* Serialize_test.cpp */; };
		934FBD642A29B34900343BDC /* Concurrent_Test.cpp in Sources */ = {isa = PBXBuildFile; fileRef = 934FBD502A29B34900343BDC /* Concurrent_Test.cpp */; };
		934FBD652A29B34900343BDC /* TestClasses.cpp in Sources */ = {isa = PBXBuildFile; fileRef = 934FBD512A29B34900343BDC /* TestClasses.cpp */; };
		934FBD662A29B34900343BDC /* InPlace_test.cpp in Sources */ = {isa = PBXBuildFile; fileRef = 934FBD522A29B34900343BDC /* InPlace_test.cpp */; };
		934FBD672A29B34900343BDC /* Utility_test.cpp in Sources */ = {isa = PBXBuildFile; fileRef = 934FBD532A29B34900343BDC /* Utility_test.cpp */; };
		934FBD682A29B34900343BDC /* Vec_Test.cpp in Sources */ = {isa = PBXBuildFile; fileRef = 934FBD542A29B34900343BDC /* Vec_Test.cpp */; };
		934FBD692A29B34900343BDC /* Any_Test.cpp in Sources */ = {isa = PBXBuildFile; fileRef = 934FBD552A29B34900343BDC /* Any_Test.cpp */; };
		934FBD6A2A29B34900343BDC /* Signal_Test.cpp in Sources */ = {isa = PBXBuildFile; fileRef = 934FBD572A29B34900343BDC /* Signal_Test.cpp */; };
		934FBD6B2A29B34900343BDC /* Concepts_Test.cpp in Sources */ = {isa = PBXBuildFile; fileRef = 934FBD582A29B34900343BDC /* Concepts_Test.cpp */; };
		934FBD6C2A29B34900343BDC /* Matrix_Test.cpp in Sources */ = {isa = PBXBuildFile; fileRef = 934FBD592A29B34900343BDC /* Matrix_Test.cpp */; };
		934FBD6D2A29B34900343BDC /* Memory_test.cpp in Sources */ = {isa = PBXBuildFile; fileRef = 934FBD5B2A29B34900343BDC /* Memory_test.cpp */; };
		934FBD6E2A29B34900343BDC /* Number_Test.cpp in Sources */ = {isa = PBXBuildFile; fileRef = 934FBD5C2A29B34900343BDC /* Number_Test.cpp */; };
		934FBD6F2A29B34900343BDC /* String_Test.cpp in Sources */ = {isa = PBXBuildFile; fileRef = 934FBD5D2A29B34900343BDC /* String_Test.cpp */; };
		934FBD712A29B49300343BDC /* libStdExt.a in Frameworks */ = {isa = PBXBuildFile; fileRef = 931D66322A285B3300C87D43 /* libStdExt.a */; };
		934FBD732A29B4DB00343BDC /* libiconv.2.4.0.tbd in Frameworks */ = {isa = PBXBuildFile; fileRef = 934FBD722A29B4DB00343BDC /* libiconv.2.4.0.tbd */; };
/* End PBXBuildFile section */

/* Begin PBXContainerItemProxy section */
		934FBD742A29B66600343BDC /* PBXContainerItemProxy */ = {
			isa = PBXContainerItemProxy;
			containerPortal = 931D662A2A285B3300C87D43 /* Project object */;
			proxyType = 1;
			remoteGlobalIDString = 931D66312A285B3300C87D43;
			remoteInfo = StdExt;
		};
/* End PBXContainerItemProxy section */

/* Begin PBXCopyFilesBuildPhase section */
		931D67722A2978F600C87D43 /* CopyFiles */ = {
			isa = PBXCopyFilesBuildPhase;
			buildActionMask = 8;
			dstPath = "";
			dstSubfolderSpec = 16;
			files = (
				931D67732A29790800C87D43 /* StdExt in CopyFiles */,
			);
			runOnlyForDeploymentPostprocessing = 1;
		};
		934FBCF02A29B13100343BDC /* CopyFiles */ = {
			isa = PBXCopyFilesBuildPhase;
			buildActionMask = 2147483647;
			dstPath = /usr/share/man/man1/;
			dstSubfolderSpec = 0;
			files = (
			);
			runOnlyForDeploymentPostprocessing = 1;
		};
/* End PBXCopyFilesBuildPhase section */

/* Begin PBXFileReference section */
		931D66322A285B3300C87D43 /* libStdExt.a */ = {isa = PBXFileReference; explicitFileType = archive.ar; includeInIndex = 0; path = libStdExt.a; sourceTree = BUILT_PRODUCTS_DIR; };
		931D666C2A285ED700C87D43 /* Number.cpp */ = {isa = PBXFileReference; fileEncoding = 4; lastKnownFileType = sourcecode.cpp.cpp; name = Number.cpp; path = ../../src/Number.cpp; sourceTree = "<group>"; };
		931D666D2A285ED700C87D43 /* Buffer.cpp */ = {isa = PBXFileReference; fileEncoding = 4; lastKnownFileType = sourcecode.cpp.cpp; name = Buffer.cpp; path = ../../src/Buffer.cpp; sourceTree = "<group>"; };
		931D666E2A285ED700C87D43 /* UID.cpp */ = {isa = PBXFileReference; fileEncoding = 4; lastKnownFileType = sourcecode.cpp.cpp; name = UID.cpp; path = ../../src/UID.cpp; sourceTree = "<group>"; };
		931D666F2A285ED700C87D43 /* Matrix.cpp */ = {isa = PBXFileReference; fileEncoding = 4; lastKnownFileType = sourcecode.cpp.cpp; name = Matrix.cpp; path = ../../src/Matrix.cpp; sourceTree = "<group>"; };
		931D66702A285ED700C87D43 /* String.cpp */ = {isa = PBXFileReference; fileEncoding = 4; lastKnownFileType = sourcecode.cpp.cpp; name = String.cpp; path = ../../src/String.cpp; sourceTree = "<group>"; };
		931D66712A285ED700C87D43 /* Vec.cpp */ = {isa = PBXFileReference; fileEncoding = 4; lastKnownFileType = sourcecode.cpp.cpp; name = Vec.cpp; path = ../../src/Vec.cpp; sourceTree = "<group>"; };
		931D66852A285F9D00C87D43 /* Task.cpp */ = {isa = PBXFileReference; fileEncoding = 4; lastKnownFileType = sourcecode.cpp.cpp; name = Task.cpp; path = ../../src/Concurrent/Task.cpp; sourceTree = "<group>"; };
		931D66862A285F9D00C87D43 /* Condition.cpp */ = {isa = PBXFileReference; fileEncoding = 4; lastKnownFileType = sourcecode.cpp.cpp; name = Condition.cpp; path = ../../src/Concurrent/Condition.cpp; sourceTree = "<group>"; };
		931D66872A285F9D00C87D43 /* FunctionTask.cpp */ = {isa = PBXFileReference; fileEncoding = 4; lastKnownFileType = sourcecode.cpp.cpp; name = FunctionTask.cpp; path = ../../src/Concurrent/FunctionTask.cpp; sourceTree = "<group>"; };
		931D66882A285F9D00C87D43 /* RWLock.cpp */ = {isa = PBXFileReference; fileEncoding = 4; lastKnownFileType = sourcecode.cpp.cpp; name = RWLock.cpp; path = ../../src/Concurrent/RWLock.cpp; sourceTree = "<group>"; };
		931D66892A285F9D00C87D43 /* Wait.cpp */ = {isa = PBXFileReference; fileEncoding = 4; lastKnownFileType = sourcecode.cpp.cpp; name = Wait.cpp; path = ../../src/Concurrent/Wait.cpp; sourceTree = "<group>"; };
		931D668A2A285F9D00C87D43 /* TaskLoop.cpp */ = {isa = PBXFileReference; fileEncoding = 4; lastKnownFileType = sourcecode.cpp.cpp; name = TaskLoop.cpp; path = ../../src/Concurrent/TaskLoop.cpp; sourceTree = "<group>"; };
		931D668B2A285F9D00C87D43 /* Timer.cpp */ = {isa = PBXFileReference; fileEncoding = 4; lastKnownFileType = sourcecode.cpp.cpp; name = Timer.cpp; path = ../../src/Concurrent/Timer.cpp; sourceTree = "<group>"; };
		931D668C2A285F9D00C87D43 /* Mutex.cpp */ = {isa = PBXFileReference; fileEncoding = 4; lastKnownFileType = sourcecode.cpp.cpp; name = Mutex.cpp; path = ../../src/Concurrent/Mutex.cpp; sourceTree = "<group>"; };
		931D66962A28601900C87D43 /* Exceptions.cpp */ = {isa = PBXFileReference; fileEncoding = 4; lastKnownFileType = sourcecode.cpp.cpp; name = Exceptions.cpp; path = ../../src/Serialize/Exceptions.cpp; sourceTree = "<group>"; };
		931D66992A28602F00C87D43 /* Binary.cpp */ = {isa = PBXFileReference; fileEncoding = 4; lastKnownFileType = sourcecode.cpp.cpp; name = Binary.cpp; path = ../../src/Serialize/Binary/Binary.cpp; sourceTree = "<group>"; };
		931D669C2A28605D00C87D43 /* Text.cpp */ = {isa = PBXFileReference; fileEncoding = 4; lastKnownFileType = sourcecode.cpp.cpp; name = Text.cpp; path = ../../src/Serialize/Text/Text.cpp; sourceTree = "<group>"; };
		931D669F2A2860C800C87D43 /* Element.cpp */ = {isa = PBXFileReference; fileEncoding = 4; lastKnownFileType = sourcecode.cpp.cpp; name = Element.cpp; path = ../../src/Serialize/XML/Element.cpp; sourceTree = "<group>"; };
		931D66A02A2860C800C87D43 /* ElementInternal.cpp */ = {isa = PBXFileReference; fileEncoding = 4; lastKnownFileType = sourcecode.cpp.cpp; name = ElementInternal.cpp; path = ../../src/Serialize/XML/ElementInternal.cpp; sourceTree = "<group>"; };
		931D66A32A2860D000C87D43 /* XML.cpp */ = {isa = PBXFileReference; fileEncoding = 4; lastKnownFileType = sourcecode.cpp.cpp; name = XML.cpp; path = ../../src/Serialize/XML/XML.cpp; sourceTree = "<group>"; };
		931D66A52A2860D700C87D43 /* ElementInternal.h */ = {isa = PBXFileReference; fileEncoding = 4; lastKnownFileType = sourcecode.c.h; name = ElementInternal.h; path = ../../src/Serialize/XML/ElementInternal.h; sourceTree = "<group>"; };
		931D66A82A28611C00C87D43 /* tinyxml2.h */ = {isa = PBXFileReference; fileEncoding = 4; lastKnownFileType = sourcecode.c.h; name = tinyxml2.h; path = ../../src/Serialize/TinyXml2/tinyxml2.h; sourceTree = "<group>"; };
		931D66A92A28611C00C87D43 /* tinyxml2.cpp */ = {isa = PBXFileReference; fileEncoding = 4; lastKnownFileType = sourcecode.cpp.cpp; name = tinyxml2.cpp; path = ../../src/Serialize/TinyXml2/tinyxml2.cpp; sourceTree = "<group>"; };
		931D66AD2A2861C600C87D43 /* BufferedStream.cpp */ = {isa = PBXFileReference; fileEncoding = 4; lastKnownFileType = sourcecode.cpp.cpp; name = BufferedStream.cpp; path = ../../src/Streams/BufferedStream.cpp; sourceTree = "<group>"; };
		931D66AE2A2861C600C87D43 /* TestByteStream.cpp */ = {isa = PBXFileReference; fileEncoding = 4; lastKnownFileType = sourcecode.cpp.cpp; name = TestByteStream.cpp; path = ../../src/Streams/TestByteStream.cpp; sourceTree = "<group>"; };
		931D66AF2A2861C600C87D43 /* ByteStream.cpp */ = {isa = PBXFileReference; fileEncoding = 4; lastKnownFileType = sourcecode.cpp.cpp; name = ByteStream.cpp; path = ../../src/Streams/ByteStream.cpp; sourceTree = "<group>"; };
		931D66B02A2861C600C87D43 /* FileStream.cpp */ = {isa = PBXFileReference; fileEncoding = 4; lastKnownFileType = sourcecode.cpp.cpp; name = FileStream.cpp; path = ../../src/Streams/FileStream.cpp; sourceTree = "<group>"; };
		931D66B12A2861C600C87D43 /* MemoryStream.cpp */ = {isa = PBXFileReference; fileEncoding = 4; lastKnownFileType = sourcecode.cpp.cpp; name = MemoryStream.cpp; path = ../../src/Streams/MemoryStream.cpp; sourceTree = "<group>"; };
		931D676F2A2973BA00C87D43 /* StdExt */ = {isa = PBXFileReference; lastKnownFileType = folder; name = StdExt; path = ../../include/StdExt; sourceTree = "<group>"; };
		934FBCF22A29B13100343BDC /* test */ = {isa = PBXFileReference; explicitFileType = "compiled.mach-o.executable"; includeInIndex = 0; path = test; sourceTree = BUILT_PRODUCTS_DIR; };
		934FBD4A2A29B34900343BDC /* main.cpp */ = {isa = PBXFileReference; fileEncoding = 4; lastKnownFileType = sourcecode.cpp.cpp; name = main.cpp; path = ../../test/main.cpp; sourceTree = "<group>"; };
		934FBD4B2A29B34900343BDC /* CallableTraits_test.cpp */ = {isa = PBXFileReference; fileEncoding = 4; lastKnownFileType = sourcecode.cpp.cpp; name = CallableTraits_test.cpp; path = ../../test/CallableTraits_test.cpp; sourceTree = "<group>"; };
		934FBD4C2A29B34900343BDC /* Unicode_Test.cpp */ = {isa = PBXFileReference; fileEncoding = 4; lastKnownFileType = sourcecode.cpp.cpp; name = Unicode_Test.cpp; path = ../../test/Unicode_Test.cpp; sourceTree = "<group>"; };
		934FBD4D2A29B34900343BDC /* TypeInfo_test.cpp */ = {isa = PBXFileReference; fileEncoding = 4; lastKnownFileType = sourcecode.cpp.cpp; name = TypeInfo_test.cpp; path = ../../test/TypeInfo_test.cpp; sourceTree = "<group>"; };
		934FBD4E2A29B34900343BDC /* Collections_Test.cpp */ = {isa = PBXFileReference; fileEncoding = 4; lastKnownFileType = sourcecode.cpp.cpp; name = Collections_Test.cpp; path = ../../test/Collections_Test.cpp; sourceTree = "<group>"; };
		934FBD4F2A29B34900343BDC /* Serialize_test.cpp */ = {isa = PBXFileReference; fileEncoding = 4; lastKnownFileType = sourcecode.cpp.cpp; name = Serialize_test.cpp; path = ../../test/Serialize_test.cpp; sourceTree = "<group>"; };
		934FBD502A29B34900343BDC /* Concurrent_Test.cpp */ = {isa = PBXFileReference; fileEncoding = 4; lastKnownFileType = sourcecode.cpp.cpp; name = Concurrent_Test.cpp; path = ../../test/Concurrent_Test.cpp; sourceTree = "<group>"; };
		934FBD512A29B34900343BDC /* TestClasses.cpp */ = {isa = PBXFileReference; fileEncoding = 4; lastKnownFileType = sourcecode.cpp.cpp; name = TestClasses.cpp; path = ../../test/TestClasses.cpp; sourceTree = "<group>"; };
		934FBD522A29B34900343BDC /* InPlace_test.cpp */ = {isa = PBXFileReference; fileEncoding = 4; lastKnownFileType = sourcecode.cpp.cpp; name = InPlace_test.cpp; path = ../../test/InPlace_test.cpp; sourceTree = "<group>"; };
		934FBD532A29B34900343BDC /* Utility_test.cpp */ = {isa = PBXFileReference; fileEncoding = 4; lastKnownFileType = sourcecode.cpp.cpp; name = Utility_test.cpp; path = ../../test/Utility_test.cpp; sourceTree = "<group>"; };
		934FBD542A29B34900343BDC /* Vec_Test.cpp */ = {isa = PBXFileReference; fileEncoding = 4; lastKnownFileType = sourcecode.cpp.cpp; name = Vec_Test.cpp; path = ../../test/Vec_Test.cpp; sourceTree = "<group>"; };
		934FBD552A29B34900343BDC /* Any_Test.cpp */ = {isa = PBXFileReference; fileEncoding = 4; lastKnownFileType = sourcecode.cpp.cpp; name = Any_Test.cpp; path = ../../test/Any_Test.cpp; sourceTree = "<group>"; };
		934FBD562A29B34900343BDC /* SerializeTesting.h */ = {isa = PBXFileReference; fileEncoding = 4; lastKnownFileType = sourcecode.c.h; name = SerializeTesting.h; path = ../../test/SerializeTesting.h; sourceTree = "<group>"; };
		934FBD572A29B34900343BDC /* Signal_Test.cpp */ = {isa = PBXFileReference; fileEncoding = 4; lastKnownFileType = sourcecode.cpp.cpp; name = Signal_Test.cpp; path = ../../test/Signal_Test.cpp; sourceTree = "<group>"; };
		934FBD582A29B34900343BDC /* Concepts_Test.cpp */ = {isa = PBXFileReference; fileEncoding = 4; lastKnownFileType = sourcecode.cpp.cpp; name = Concepts_Test.cpp; path = ../../test/Concepts_Test.cpp; sourceTree = "<group>"; };
		934FBD592A29B34900343BDC /* Matrix_Test.cpp */ = {isa = PBXFileReference; fileEncoding = 4; lastKnownFileType = sourcecode.cpp.cpp; name = Matrix_Test.cpp; path = ../../test/Matrix_Test.cpp; sourceTree = "<group>"; };
		934FBD5A2A29B34900343BDC /* TestClasses.h */ = {isa = PBXFileReference; fileEncoding = 4; lastKnownFileType = sourcecode.c.h; name = TestClasses.h; path = ../../test/TestClasses.h; sourceTree = "<group>"; };
		934FBD5B2A29B34900343BDC /* Memory_test.cpp */ = {isa = PBXFileReference; fileEncoding = 4; lastKnownFileType = sourcecode.cpp.cpp; name = Memory_test.cpp; path = ../../test/Memory_test.cpp; sourceTree = "<group>"; };
		934FBD5C2A29B34900343BDC /* Number_Test.cpp */ = {isa = PBXFileReference; fileEncoding = 4; lastKnownFileType = sourcecode.cpp.cpp; name = Number_Test.cpp; path = ../../test/Number_Test.cpp; sourceTree = "<group>"; };
		934FBD5D2A29B34900343BDC /* String_Test.cpp */ = {isa = PBXFileReference; fileEncoding = 4; lastKnownFileType = sourcecode.cpp.cpp; name = String_Test.cpp; path = ../../test/String_Test.cpp; sourceTree = "<group>"; };
		934FBD722A29B4DB00343BDC /* libiconv.2.4.0.tbd */ = {isa = PBXFileReference; lastKnownFileType = "sourcecode.text-based-dylib-definition"; name = libiconv.2.4.0.tbd; path = usr/lib/libiconv.2.4.0.tbd; sourceTree = SDKROOT; };
/* End PBXFileReference section */

/* Begin PBXFrameworksBuildPhase section */
		931D66302A285B3300C87D43 /* Frameworks */ = {
			isa = PBXFrameworksBuildPhase;
			buildActionMask = 2147483647;
			files = (
			);
			runOnlyForDeploymentPostprocessing = 0;
		};
		934FBCEF2A29B13100343BDC /* Frameworks */ = {
			isa = PBXFrameworksBuildPhase;
			buildActionMask = 2147483647;
			files = (
				934FBD732A29B4DB00343BDC /* libiconv.2.4.0.tbd in Frameworks */,
				934FBD712A29B49300343BDC /* libStdExt.a in Frameworks */,
			);
			runOnlyForDeploymentPostprocessing = 0;
		};
/* End PBXFrameworksBuildPhase section */

/* Begin PBXGroup section */
		931D66292A285B3300C87D43 = {
			isa = PBXGroup;
			children = (
				931D676F2A2973BA00C87D43 /* StdExt */,
				931D66332A285B3300C87D43 /* Products */,
				931D666B2A285EB600C87D43 /* src */,
				934FBD492A29B33000343BDC /* test */,
				934FBD702A29B49300343BDC /* Frameworks */,
			);
			sourceTree = "<group>";
		};
		931D66332A285B3300C87D43 /* Products */ = {
			isa = PBXGroup;
			children = (
				931D66322A285B3300C87D43 /* libStdExt.a */,
				934FBCF22A29B13100343BDC /* test */,
			);
			name = Products;
			sourceTree = "<group>";
		};
		931D666B2A285EB600C87D43 /* src */ = {
			isa = PBXGroup;
			children = (
				931D666D2A285ED700C87D43 /* Buffer.cpp */,
				931D666F2A285ED700C87D43 /* Matrix.cpp */,
				931D666C2A285ED700C87D43 /* Number.cpp */,
				931D66702A285ED700C87D43 /* String.cpp */,
				931D666E2A285ED700C87D43 /* UID.cpp */,
				931D66712A285ED700C87D43 /* Vec.cpp */,
				931D66782A285F0100C87D43 /* Concurrent */,
				931D66952A28600A00C87D43 /* Serialize */,
				931D66AC2A2861B800C87D43 /* Streams */,
			);
			name = src;
			sourceTree = "<group>";
		};
		931D66782A285F0100C87D43 /* Concurrent */ = {
			isa = PBXGroup;
			children = (
				931D66862A285F9D00C87D43 /* Condition.cpp */,
				931D66872A285F9D00C87D43 /* FunctionTask.cpp */,
				931D668C2A285F9D00C87D43 /* Mutex.cpp */,
				931D66882A285F9D00C87D43 /* RWLock.cpp */,
				931D66852A285F9D00C87D43 /* Task.cpp */,
				931D668A2A285F9D00C87D43 /* TaskLoop.cpp */,
				931D668B2A285F9D00C87D43 /* Timer.cpp */,
				931D66892A285F9D00C87D43 /* Wait.cpp */,
			);
			name = Concurrent;
			sourceTree = "<group>";
		};
		931D66952A28600A00C87D43 /* Serialize */ = {
			isa = PBXGroup;
			children = (
				931D66A72A28610C00C87D43 /* TinyXml2 */,
				931D669E2A2860AE00C87D43 /* XML */,
				931D669B2A28604C00C87D43 /* Text */,
				931D66982A28601E00C87D43 /* Binary */,
				931D66962A28601900C87D43 /* Exceptions.cpp */,
			);
			name = Serialize;
			sourceTree = "<group>";
		};
		931D66982A28601E00C87D43 /* Binary */ = {
			isa = PBXGroup;
			children = (
				931D66992A28602F00C87D43 /* Binary.cpp */,
			);
			name = Binary;
			sourceTree = "<group>";
		};
		931D669B2A28604C00C87D43 /* Text */ = {
			isa = PBXGroup;
			children = (
				931D669C2A28605D00C87D43 /* Text.cpp */,
			);
			name = Text;
			sourceTree = "<group>";
		};
		931D669E2A2860AE00C87D43 /* XML */ = {
			isa = PBXGroup;
			children = (
				931D669F2A2860C800C87D43 /* Element.cpp */,
				931D66A02A2860C800C87D43 /* ElementInternal.cpp */,
				931D66A52A2860D700C87D43 /* ElementInternal.h */,
				931D66A32A2860D000C87D43 /* XML.cpp */,
			);
			name = XML;
			sourceTree = "<group>";
		};
		931D66A72A28610C00C87D43 /* TinyXml2 */ = {
			isa = PBXGroup;
			children = (
				931D66A92A28611C00C87D43 /* tinyxml2.cpp */,
				931D66A82A28611C00C87D43 /* tinyxml2.h */,
			);
			name = TinyXml2;
			sourceTree = "<group>";
		};
		931D66AC2A2861B800C87D43 /* Streams */ = {
			isa = PBXGroup;
			children = (
				931D66AD2A2861C600C87D43 /* BufferedStream.cpp */,
				931D66AF2A2861C600C87D43 /* ByteStream.cpp */,
				931D66B02A2861C600C87D43 /* FileStream.cpp */,
				931D66B12A2861C600C87D43 /* MemoryStream.cpp */,
				931D66AE2A2861C600C87D43 /* TestByteStream.cpp */,
			);
			name = Streams;
			sourceTree = "<group>";
		};
		934FBD492A29B33000343BDC /* test */ = {
			isa = PBXGroup;
			children = (
				934FBD552A29B34900343BDC /* Any_Test.cpp */,
				934FBD4B2A29B34900343BDC /* CallableTraits_test.cpp */,
				934FBD4E2A29B34900343BDC /* Collections_Test.cpp */,
				934FBD582A29B34900343BDC /* Concepts_Test.cpp */,
				934FBD502A29B34900343BDC /* Concurrent_Test.cpp */,
				934FBD522A29B34900343BDC /* InPlace_test.cpp */,
				934FBD4A2A29B34900343BDC /* main.cpp */,
				934FBD592A29B34900343BDC /* Matrix_Test.cpp */,
				934FBD5B2A29B34900343BDC /* Memory_test.cpp */,
				934FBD5C2A29B34900343BDC /* Number_Test.cpp */,
				934FBD4F2A29B34900343BDC /* Serialize_test.cpp */,
				934FBD562A29B34900343BDC /* SerializeTesting.h */,
				934FBD572A29B34900343BDC /* Signal_Test.cpp */,
				934FBD5D2A29B34900343BDC /* String_Test.cpp */,
				934FBD512A29B34900343BDC /* TestClasses.cpp */,
				934FBD5A2A29B34900343BDC /* TestClasses.h */,
				934FBD4D2A29B34900343BDC /* TypeInfo_test.cpp */,
				934FBD4C2A29B34900343BDC /* Unicode_Test.cpp */,
				934FBD532A29B34900343BDC /* Utility_test.cpp */,
				934FBD542A29B34900343BDC /* Vec_Test.cpp */,
			);
			name = test;
			sourceTree = "<group>";
		};
		934FBD702A29B49300343BDC /* Frameworks */ = {
			isa = PBXGroup;
			children = (
				934FBD722A29B4DB00343BDC /* libiconv.2.4.0.tbd */,
			);
			name = Frameworks;
			sourceTree = "<group>";
		};
/* End PBXGroup section */

/* Begin PBXHeadersBuildPhase section */
		931D662E2A285B3300C87D43 /* Headers */ = {
			isa = PBXHeadersBuildPhase;
			buildActionMask = 2147483647;
			files = (
				931D67742A2979F900C87D43 /* StdExt in Headers */,
			);
			runOnlyForDeploymentPostprocessing = 0;
		};
/* End PBXHeadersBuildPhase section */

/* Begin PBXNativeTarget section */
		931D66312A285B3300C87D43 /* StdExt */ = {
			isa = PBXNativeTarget;
			buildConfigurationList = 931D663D2A285B3300C87D43 /* Build configuration list for PBXNativeTarget "StdExt" */;
			buildPhases = (
				931D662E2A285B3300C87D43 /* Headers */,
				931D662F2A285B3300C87D43 /* Sources */,
				931D66302A285B3300C87D43 /* Frameworks */,
				931D67722A2978F600C87D43 /* CopyFiles */,
			);
			buildRules = (
			);
			dependencies = (
			);
			name = StdExt;
			productName = StdExt;
			productReference = 931D66322A285B3300C87D43 /* libStdExt.a */;
			productType = "com.apple.product-type.library.static";
		};
		934FBCF12A29B13100343BDC /* test */ = {
			isa = PBXNativeTarget;
			buildConfigurationList = 934FBCF62A29B13100343BDC /* Build configuration list for PBXNativeTarget "test" */;
			buildPhases = (
				934FBCEE2A29B13100343BDC /* Sources */,
				934FBCEF2A29B13100343BDC /* Frameworks */,
				934FBCF02A29B13100343BDC /* CopyFiles */,
			);
			buildRules = (
			);
			dependencies = (
				934FBD752A29B66600343BDC /* PBXTargetDependency */,
			);
			name = test;
			productName = test;
			productReference = 934FBCF22A29B13100343BDC /* test */;
			productType = "com.apple.product-type.tool";
		};
/* End PBXNativeTarget section */

/* Begin PBXProject section */
		931D662A2A285B3300C87D43 /* Project object */ = {
			isa = PBXProject;
			attributes = {
				BuildIndependentTargetsInParallel = 1;
				LastUpgradeCheck = 1430;
				TargetAttributes = {
					931D66312A285B3300C87D43 = {
						CreatedOnToolsVersion = 14.3;
					};
					934FBCF12A29B13100343BDC = {
						CreatedOnToolsVersion = 14.3;
					};
				};
			};
			buildConfigurationList = 931D662D2A285B3300C87D43 /* Build configuration list for PBXProject "StdExt" */;
			compatibilityVersion = "Xcode 14.0";
			developmentRegion = en;
			hasScannedForEncodings = 0;
			knownRegions = (
				en,
				Base,
			);
			mainGroup = 931D66292A285B3300C87D43;
			productRefGroup = 931D66332A285B3300C87D43 /* Products */;
			projectDirPath = "";
			projectRoot = "";
			targets = (
				931D66312A285B3300C87D43 /* StdExt */,
				934FBCF12A29B13100343BDC /* test */,
			);
		};
/* End PBXProject section */

/* Begin PBXSourcesBuildPhase section */
		931D662F2A285B3300C87D43 /* Sources */ = {
			isa = PBXSourcesBuildPhase;
			buildActionMask = 2147483647;
			files = (
				931D669A2A28602F00C87D43 /* Binary.cpp in Sources */,
				931D668D2A285F9D00C87D43 /* Task.cpp in Sources */,
				931D66772A285ED700C87D43 /* Vec.cpp in Sources */,
				931D669D2A28605D00C87D43 /* Text.cpp in Sources */,
				931D66932A285F9D00C87D43 /* Timer.cpp in Sources */,
				931D66752A285ED700C87D43 /* Matrix.cpp in Sources */,
				931D66AB2A28611C00C87D43 /* tinyxml2.cpp in Sources */,
				931D66B42A2861C600C87D43 /* ByteStream.cpp in Sources */,
				931D668F2A285F9D00C87D43 /* FunctionTask.cpp in Sources */,
				931D66742A285ED700C87D43 /* UID.cpp in Sources */,
				931D66762A285ED700C87D43 /* String.cpp in Sources */,
				931D668E2A285F9D00C87D43 /* Condition.cpp in Sources */,
				931D66972A28601900C87D43 /* Exceptions.cpp in Sources */,
				931D66912A285F9D00C87D43 /* Wait.cpp in Sources */,
				931D66B32A2861C600C87D43 /* TestByteStream.cpp in Sources */,
				931D66B52A2861C600C87D43 /* FileStream.cpp in Sources */,
				931D66A12A2860C800C87D43 /* Element.cpp in Sources */,
				931D66A42A2860D000C87D43 /* XML.cpp in Sources */,
				931D66942A285F9D00C87D43 /* Mutex.cpp in Sources */,
				931D66722A285ED700C87D43 /* Number.cpp in Sources */,
				931D66B62A2861C600C87D43 /* MemoryStream.cpp in Sources */,
				931D66732A285ED700C87D43 /* Buffer.cpp in Sources */,
				931D66B22A2861C600C87D43 /* BufferedStream.cpp in Sources */,
				931D66922A285F9D00C87D43 /* TaskLoop.cpp in Sources */,
				931D66902A285F9D00C87D43 /* RWLock.cpp in Sources */,
				931D66A22A2860C800C87D43 /* ElementInternal.cpp in Sources */,
			);
			runOnlyForDeploymentPostprocessing = 0;
		};
		934FBCEE2A29B13100343BDC /* Sources */ = {
			isa = PBXSourcesBuildPhase;
			buildActionMask = 2147483647;
			files = (
				934FBD6A2A29B34900343BDC /* Signal_Test.cpp in Sources */,
				934FBD5F2A29B34900343BDC /* CallableTraits_test.cpp in Sources */,
				934FBD6B2A29B34900343BDC /* Concepts_Test.cpp in Sources */,
				934FBD622A29B34900343BDC /* Collections_Test.cpp in Sources */,
				934FBD6E2A29B34900343BDC /* Number_Test.cpp in Sources */,
				934FBD662A29B34900343BDC /* InPlace_test.cpp in Sources */,
				934FBD602A29B34900343BDC /* Unicode_Test.cpp in Sources */,
				934FBD5E2A29B34900343BDC /* main.cpp in Sources */,
				934FBD6F2A29B34900343BDC /* String_Test.cpp in Sources */,
				934FBD682A29B34900343BDC /* Vec_Test.cpp in Sources */,
				934FBD6D2A29B34900343BDC /* Memory_test.cpp in Sources */,
				934FBD642A29B34900343BDC /* Concurrent_Test.cpp in Sources */,
				934FBD672A29B34900343BDC /* Utility_test.cpp in Sources */,
				934FBD692A29B34900343BDC /* Any_Test.cpp in Sources */,
				934FBD632A29B34900343BDC /* Serialize_test.cpp in Sources */,
				934FBD652A29B34900343BDC /* TestClasses.cpp in Sources */,
				934FBD6C2A29B34900343BDC /* Matrix_Test.cpp in Sources */,
				934FBD612A29B34900343BDC /* TypeInfo_test.cpp in Sources */,
			);
			runOnlyForDeploymentPostprocessing = 0;
		};
/* End PBXSourcesBuildPhase section */

/* Begin PBXTargetDependency section */
		934FBD752A29B66600343BDC /* PBXTargetDependency */ = {
			isa = PBXTargetDependency;
			target = 931D66312A285B3300C87D43 /* StdExt */;
			targetProxy = 934FBD742A29B66600343BDC /* PBXContainerItemProxy */;
		};
/* End PBXTargetDependency section */

/* Begin XCBuildConfiguration section */
		931D663B2A285B3300C87D43 /* Debug */ = {
			isa = XCBuildConfiguration;
			buildSettings = {
				ALWAYS_SEARCH_USER_PATHS = NO;
				CLANG_ANALYZER_NONNULL = YES;
				CLANG_ANALYZER_NUMBER_OBJECT_CONVERSION = YES_AGGRESSIVE;
				CLANG_CXX_LANGUAGE_STANDARD = "c++20";
				CLANG_ENABLE_MODULES = YES;
				CLANG_ENABLE_OBJC_ARC = YES;
				CLANG_ENABLE_OBJC_WEAK = YES;
				CLANG_WARN_BLOCK_CAPTURE_AUTORELEASING = YES;
				CLANG_WARN_BOOL_CONVERSION = YES;
				CLANG_WARN_COMMA = YES;
				CLANG_WARN_CONSTANT_CONVERSION = YES;
				CLANG_WARN_DEPRECATED_OBJC_IMPLEMENTATIONS = YES;
				CLANG_WARN_DIRECT_OBJC_ISA_USAGE = YES_ERROR;
				CLANG_WARN_DOCUMENTATION_COMMENTS = YES;
				CLANG_WARN_EMPTY_BODY = YES;
				CLANG_WARN_ENUM_CONVERSION = YES;
				CLANG_WARN_INFINITE_RECURSION = YES;
				CLANG_WARN_INT_CONVERSION = YES;
				CLANG_WARN_NON_LITERAL_NULL_CONVERSION = YES;
				CLANG_WARN_OBJC_IMPLICIT_RETAIN_SELF = YES;
				CLANG_WARN_OBJC_LITERAL_CONVERSION = YES;
				CLANG_WARN_OBJC_ROOT_CLASS = YES_ERROR;
				CLANG_WARN_QUOTED_INCLUDE_IN_FRAMEWORK_HEADER = YES;
				CLANG_WARN_RANGE_LOOP_ANALYSIS = YES;
				CLANG_WARN_STRICT_PROTOTYPES = YES;
				CLANG_WARN_SUSPICIOUS_MOVE = YES;
				CLANG_WARN_UNGUARDED_AVAILABILITY = YES_AGGRESSIVE;
				CLANG_WARN_UNREACHABLE_CODE = YES;
				CLANG_WARN__DUPLICATE_METHOD_MATCH = YES;
				COPY_PHASE_STRIP = NO;
				DEBUG_INFORMATION_FORMAT = dwarf;
				ENABLE_STRICT_OBJC_MSGSEND = YES;
				ENABLE_TESTABILITY = YES;
				GCC_C_LANGUAGE_STANDARD = gnu11;
				GCC_DYNAMIC_NO_PIC = NO;
				GCC_NO_COMMON_BLOCKS = YES;
				GCC_OPTIMIZATION_LEVEL = 0;
				GCC_PREPROCESSOR_DEFINITIONS = (
					"DEBUG=1",
					"$(inherited)",
				);
				GCC_WARN_64_TO_32_BIT_CONVERSION = YES;
				GCC_WARN_ABOUT_RETURN_TYPE = YES_ERROR;
				GCC_WARN_UNDECLARED_SELECTOR = YES;
				GCC_WARN_UNINITIALIZED_AUTOS = YES_AGGRESSIVE;
				GCC_WARN_UNUSED_FUNCTION = NO;
				GCC_WARN_UNUSED_VARIABLE = YES;
				HEADER_SEARCH_PATHS = ../../include;
				MACOSX_DEPLOYMENT_TARGET = 13.3;
				MTL_ENABLE_DEBUG_INFO = INCLUDE_SOURCE;
				MTL_FAST_MATH = YES;
				ONLY_ACTIVE_ARCH = YES;
				SDKROOT = macosx;
			};
			name = Debug;
		};
		931D663C2A285B3300C87D43 /* Release */ = {
			isa = XCBuildConfiguration;
			buildSettings = {
				ALWAYS_SEARCH_USER_PATHS = NO;
				CLANG_ANALYZER_NONNULL = YES;
				CLANG_ANALYZER_NUMBER_OBJECT_CONVERSION = YES_AGGRESSIVE;
				CLANG_CXX_LANGUAGE_STANDARD = "c++20";
				CLANG_ENABLE_MODULES = YES;
				CLANG_ENABLE_OBJC_ARC = YES;
				CLANG_ENABLE_OBJC_WEAK = YES;
				CLANG_WARN_BLOCK_CAPTURE_AUTORELEASING = YES;
				CLANG_WARN_BOOL_CONVERSION = YES;
				CLANG_WARN_COMMA = YES;
				CLANG_WARN_CONSTANT_CONVERSION = YES;
				CLANG_WARN_DEPRECATED_OBJC_IMPLEMENTATIONS = YES;
				CLANG_WARN_DIRECT_OBJC_ISA_USAGE = YES_ERROR;
				CLANG_WARN_DOCUMENTATION_COMMENTS = YES;
				CLANG_WARN_EMPTY_BODY = YES;
				CLANG_WARN_ENUM_CONVERSION = YES;
				CLANG_WARN_INFINITE_RECURSION = YES;
				CLANG_WARN_INT_CONVERSION = YES;
				CLANG_WARN_NON_LITERAL_NULL_CONVERSION = YES;
				CLANG_WARN_OBJC_IMPLICIT_RETAIN_SELF = YES;
				CLANG_WARN_OBJC_LITERAL_CONVERSION = YES;
				CLANG_WARN_OBJC_ROOT_CLASS = YES_ERROR;
				CLANG_WARN_QUOTED_INCLUDE_IN_FRAMEWORK_HEADER = YES;
				CLANG_WARN_RANGE_LOOP_ANALYSIS = YES;
				CLANG_WARN_STRICT_PROTOTYPES = YES;
				CLANG_WARN_SUSPICIOUS_MOVE = YES;
				CLANG_WARN_UNGUARDED_AVAILABILITY = YES_AGGRESSIVE;
				CLANG_WARN_UNREACHABLE_CODE = YES;
				CLANG_WARN__DUPLICATE_METHOD_MATCH = YES;
				COPY_PHASE_STRIP = NO;
				DEBUG_INFORMATION_FORMAT = "";
				ENABLE_NS_ASSERTIONS = NO;
				ENABLE_STRICT_OBJC_MSGSEND = YES;
				GCC_C_LANGUAGE_STANDARD = gnu11;
				GCC_NO_COMMON_BLOCKS = YES;
				GCC_WARN_64_TO_32_BIT_CONVERSION = YES;
				GCC_WARN_ABOUT_RETURN_TYPE = YES_ERROR;
				GCC_WARN_UNDECLARED_SELECTOR = YES;
				GCC_WARN_UNINITIALIZED_AUTOS = YES_AGGRESSIVE;
				GCC_WARN_UNUSED_FUNCTION = NO;
				GCC_WARN_UNUSED_VARIABLE = YES;
				HEADER_SEARCH_PATHS = ../../include;
				MACOSX_DEPLOYMENT_TARGET = 13.3;
				MTL_ENABLE_DEBUG_INFO = NO;
				MTL_FAST_MATH = YES;
				SDKROOT = macosx;
			};
			name = Release;
		};
		931D663E2A285B3300C87D43 /* Debug */ = {
			isa = XCBuildConfiguration;
			buildSettings = {
				CODE_SIGN_STYLE = Automatic;
				EXECUTABLE_PREFIX = lib;
				PRODUCT_NAME = "$(TARGET_NAME)";
				SKIP_INSTALL = YES;
			};
			name = Debug;
		};
		931D663F2A285B3300C87D43 /* Release */ = {
			isa = XCBuildConfiguration;
			buildSettings = {
				CODE_SIGN_STYLE = Automatic;
				EXECUTABLE_PREFIX = lib;
				PRODUCT_NAME = "$(TARGET_NAME)";
				SKIP_INSTALL = YES;
			};
			name = Release;
		};
		934FBCF72A29B13100343BDC /* Debug */ = {
			isa = XCBuildConfiguration;
			buildSettings = {
				CLANG_CXX_LANGUAGE_STANDARD = "gnu++20";
				CODE_SIGN_STYLE = Automatic;
				GCC_WARN_UNUSED_FUNCTION = YES;
				PRODUCT_NAME = "$(TARGET_NAME)";
			};
			name = Debug;
		};
		934FBCF82A29B13100343BDC /* Release */ = {
			isa = XCBuildConfiguration;
			buildSettings = {
				CLANG_CXX_LANGUAGE_STANDARD = "gnu++20";
				CODE_SIGN_STYLE = Automatic;
				GCC_WARN_UNUSED_FUNCTION = YES;
				PRODUCT_NAME = "$(TARGET_NAME)";
			};
			name = Release;
		};
/* End XCBuildConfiguration section */

/* Begin XCConfigurationList section */
		931D662D2A285B3300C87D43 /* Build configuration list for PBXProject "StdExt" */ = {
			isa = XCConfigurationList;
			buildConfigurations = (
				931D663B2A285B3300C87D43 /* Debug */,
				931D663C2A285B3300C87D43 /* Release */,
			);
			defaultConfigurationIsVisible = 0;
			defaultConfigurationName = Release;
		};
		931D663D2A285B3300C87D43 /* Build configuration list for PBXNativeTarget "StdExt" */ = {
			isa = XCConfigurationList;
			buildConfigurations = (
				931D663E2A285B3300C87D43 /* Debug */,
				931D663F2A285B3300C87D43 /* Release */,
			);
			defaultConfigurationIsVisible = 0;
			defaultConfigurationName = Release;
		};
		934FBCF62A29B13100343BDC /* Build configuration list for PBXNativeTarget "test" */ = {
			isa = XCConfigurationList;
			buildConfigurations = (
				934FBCF72A29B13100343BDC /* Debug */,
				934FBCF82A29B13100343BDC /* Release */,
			);
			defaultConfigurationIsVisible = 0;
			defaultConfigurationName = Release;
		};
/* End XCConfigurationList section */
	};
	rootObject = 931D662A2A285B3300C87D43 /* Project object */;
}
