<?xml version="1.0" encoding="utf-8"?>
<Project ToolsVersion="4.0" xmlns="http://schemas.microsoft.com/developer/msbuild/2003">
  <ItemGroup>
    <Filter Include="Include">
      <UniqueIdentifier>{911675a2-8caa-425e-8bb4-ccb88fa33d5e}</UniqueIdentifier>
    </Filter>
    <Filter Include="src">
      <UniqueIdentifier>{2d256b46-2412-4b70-80ee-feef16195efe}</UniqueIdentifier>
    </Filter>
    <Filter Include="Include\Signals">
      <UniqueIdentifier>{653e33a7-24ae-4cfe-9576-e725e8d6f809}</UniqueIdentifier>
    </Filter>
    <Filter Include="Include\Collections">
      <UniqueIdentifier>{a3b9abc3-e4e8-4000-9f91-e2731a358122}</UniqueIdentifier>
    </Filter>
    <Filter Include="Include\Test">
      <UniqueIdentifier>{c14e847c-9523-45e7-b32b-b2305e7540c9}</UniqueIdentifier>
    </Filter>
    <Filter Include="Include\Concurrent">
      <UniqueIdentifier>{7c5db122-e5f5-4a6e-bdcd-c65b13a0f56e}</UniqueIdentifier>
    </Filter>
    <Filter Include="src\Concurrent">
      <UniqueIdentifier>{dc812584-2709-4eb6-94d2-256ec97fb4dd}</UniqueIdentifier>
    </Filter>
  </ItemGroup>
  <ItemGroup>
    <ClInclude Include="$(MSBuildThisFileDirectory)..\include\StdExt\Buffer.h">
      <Filter>Include</Filter>
    </ClInclude>
    <ClInclude Include="$(MSBuildThisFileDirectory)..\include\StdExt\Exceptions.h">
      <Filter>Include</Filter>
    </ClInclude>
    <ClInclude Include="$(MSBuildThisFileDirectory)..\include\StdExt\InPlace.h">
      <Filter>Include</Filter>
    </ClInclude>
    <ClInclude Include="$(MSBuildThisFileDirectory)..\include\StdExt\Memory.h">
      <Filter>Include</Filter>
    </ClInclude>
    <ClInclude Include="$(MSBuildThisFileDirectory)..\include\StdExt\Number.h">
      <Filter>Include</Filter>
    </ClInclude>
    <ClInclude Include="$(MSBuildThisFileDirectory)..\include\StdExt\StdExt.h">
      <Filter>Include</Filter>
    </ClInclude>
    <ClInclude Include="$(MSBuildThisFileDirectory)..\include\StdExt\String.h">
      <Filter>Include</Filter>
    </ClInclude>
    <ClInclude Include="$(MSBuildThisFileDirectory)..\include\StdExt\UID.h">
      <Filter>Include</Filter>
    </ClInclude>
    <ClInclude Include="$(MSBuildThisFileDirectory)..\include\StdExt\Utility.h">
      <Filter>Include</Filter>
    </ClInclude>
    <ClInclude Include="$(MSBuildThisFileDirectory)..\include\StdExt\Any.h">
      <Filter>Include</Filter>
    </ClInclude>
    <ClInclude Include="$(MSBuildThisFileDirectory)..\include\StdExt\Type.h">
      <Filter>Include</Filter>
    </ClInclude>
    <ClInclude Include="$(MSBuildThisFileDirectory)..\include\StdExt\Signals\Event.h">
      <Filter>Include\Signals</Filter>
    </ClInclude>
    <ClInclude Include="$(MSBuildThisFileDirectory)..\include\StdExt\Signals\Watchable.h">
      <Filter>Include\Signals</Filter>
    </ClInclude>
    <ClInclude Include="$(MSBuildThisFileDirectory)..\include\StdExt\Signals\FunctionHandlers.h">
      <Filter>Include\Signals</Filter>
    </ClInclude>
    <ClInclude Include="$(MSBuildThisFileDirectory)..\include\StdExt\Signals\Settable.h">
      <Filter>Include\Signals</Filter>
    </ClInclude>
    <ClInclude Include="$(MSBuildThisFileDirectory)..\include\StdExt\Collections\Vector.h">
      <Filter>Include\Collections</Filter>
    </ClInclude>
    <ClInclude Include="$(MSBuildThisFileDirectory)..\include\StdExt\Collections\Collections.h">
      <Filter>Include\Collections</Filter>
    </ClInclude>
    <ClInclude Include="$(MSBuildThisFileDirectory)..\include\StdExt\Platform.h">
      <Filter>Include</Filter>
    </ClInclude>
    <ClInclude Include="$(MSBuildThisFileDirectory)..\include\StdExt\FunctionPtr.h">
      <Filter>Include</Filter>
    </ClInclude>
    <ClInclude Include="$(MSBuildThisFileDirectory)..\include\StdExt\Signals\Subscription.h">
      <Filter>Include\Signals</Filter>
    </ClInclude>
    <ClInclude Include="$(MSBuildThisFileDirectory)..\include\StdExt\Signals\EventHandler.h">
      <Filter>Include\Signals</Filter>
    </ClInclude>
    <ClInclude Include="$(MSBuildThisFileDirectory)..\include\StdExt\Concepts.h">
      <Filter>Include</Filter>
    </ClInclude>
    <ClInclude Include="$(MSBuildThisFileDirectory)..\include\StdExt\Signals\Invokable.h">
      <Filter>Include\Signals</Filter>
    </ClInclude>
    <ClInclude Include="$(MSBuildThisFileDirectory)..\include\StdExt\ParamPack.h">
      <Filter>Include</Filter>
    </ClInclude>
    <ClInclude Include="$(MSBuildThisFileDirectory)..\include\StdExt\Test\Test.h">
      <Filter>Include\Test</Filter>
    </ClInclude>
    <ClInclude Include="$(MSBuildThisFileDirectory)..\include\StdExt\Vec.h">
      <Filter>Include</Filter>
    </ClInclude>
    <ClInclude Include="$(MSBuildThisFileDirectory)..\include\StdExt\Matrix.h">
      <Filter>Include</Filter>
    </ClInclude>
    <ClInclude Include="$(MSBuildThisFileDirectory)..\include\StdExt\Concurrent\Condition.h">
      <Filter>Include\Concurrent</Filter>
    </ClInclude>
    <ClInclude Include="$(MSBuildThisFileDirectory)..\include\StdExt\Concurrent\Queue.h">
      <Filter>Include\Concurrent</Filter>
    </ClInclude>
    <ClInclude Include="$(MSBuildThisFileDirectory)..\include\StdExt\Concurrent\Task.h">
      <Filter>Include\Concurrent</Filter>
    </ClInclude>
    <ClInclude Include="$(MSBuildThisFileDirectory)..\include\StdExt\Concurrent\FunctionTask.h">
      <Filter>Include\Concurrent</Filter>
    </ClInclude>
    <ClInclude Include="$(MSBuildThisFileDirectory)..\include\StdExt\Concurrent\Mutex.h">
      <Filter>Include\Concurrent</Filter>
    </ClInclude>
    <ClInclude Include="$(MSBuildThisFileDirectory)..\include\StdExt\Concurrent\RWLock.h">
      <Filter>Include\Concurrent</Filter>
    </ClInclude>
    <ClInclude Include="$(MSBuildThisFileDirectory)..\include\StdExt\Concurrent\Producer.h">
      <Filter>Include\Concurrent</Filter>
    </ClInclude>
    <ClInclude Include="$(MSBuildThisFileDirectory)..\include\StdExt\Concurrent\Wait.h">
      <Filter>Include\Concurrent</Filter>
    </ClInclude>
    <ClInclude Include="$(MSBuildThisFileDirectory)..\include\StdExt\Concurrent\MessageLoop.h">
      <Filter>Include\Concurrent</Filter>
    </ClInclude>
    <ClInclude Include="$(MSBuildThisFileDirectory)..\include\StdExt\Concurrent\Timer.h">
      <Filter>Include\Concurrent</Filter>
    </ClInclude>
  </ItemGroup>
  <ItemGroup>
    <ClCompile Include="$(MSBuildThisFileDirectory)..\src\Buffer.cpp">
      <Filter>src</Filter>
    </ClCompile>
    <ClCompile Include="$(MSBuildThisFileDirectory)..\src\Memory.cpp">
      <Filter>src</Filter>
    </ClCompile>
    <ClCompile Include="$(MSBuildThisFileDirectory)..\src\Number.cpp">
      <Filter>src</Filter>
    </ClCompile>
    <ClCompile Include="$(MSBuildThisFileDirectory)..\src\String.cpp">
      <Filter>src</Filter>
    </ClCompile>
    <ClCompile Include="$(MSBuildThisFileDirectory)..\src\UID.cpp">
      <Filter>src</Filter>
    </ClCompile>
    <ClCompile Include="$(MSBuildThisFileDirectory)..\src\Concurrent\Condition.cpp">
      <Filter>src\Concurrent</Filter>
    </ClCompile>
    <ClCompile Include="$(MSBuildThisFileDirectory)..\src\Concurrent\Task.cpp">
      <Filter>src\Concurrent</Filter>
    </ClCompile>
    <ClCompile Include="$(MSBuildThisFileDirectory)..\src\Concurrent\FunctionTask.cpp">
      <Filter>src\Concurrent</Filter>
    </ClCompile>
    <ClCompile Include="$(MSBuildThisFileDirectory)..\src\Concurrent\RWLock.cpp">
      <Filter>src\Concurrent</Filter>
    </ClCompile>
    <ClCompile Include="$(MSBuildThisFileDirectory)..\src\Concurrent\Mutex.cpp">
      <Filter>src\Concurrent</Filter>
    </ClCompile>
    <ClCompile Include="$(MSBuildThisFileDirectory)..\src\Concurrent\Wait.cpp">
      <Filter>src\Concurrent</Filter>
    </ClCompile>
    <ClCompile Include="$(MSBuildThisFileDirectory)..\src\Concurrent\Timer.cpp">
      <Filter>src\Concurrent</Filter>
    </ClCompile>
  </ItemGroup>
</Project>